
Microsoft Visual Studio Solution File, Format Version 12.00
# Visual Studio Version 17
VisualStudioVersion = 17.0.32112.339
MinimumVisualStudioVersion = 10.0.40219.1
Project("{9A19103F-16F7-4668-BE54-9A1E7A4F7556}") = "Year2015.Day01.NotQuiteLisp", "src\Year2015.Day01.NotQuiteLisp\Year2015.Day01.NotQuiteLisp.csproj", "{37ACC68D-412E-4EEB-B56D-5B674C2A03BB}"
EndProject
Project("{9A19103F-16F7-4668-BE54-9A1E7A4F7556}") = "Year2015.Day02.WasToldThereWouldBeNoMath", "src\Year2015.Day02.WasToldThereWouldBeNoMath\Year2015.Day02.WasToldThereWouldBeNoMath.csproj", "{6AECAB52-D843-4EAD-ABFE-00A512C9DAB2}"
EndProject
Project("{9A19103F-16F7-4668-BE54-9A1E7A4F7556}") = "Year2015.Day03.PerfectlySphericalHousesVacuum", "src\Year2015.Day03.PerfectlySphericalHousesVacuum\Year2015.Day03.PerfectlySphericalHousesVacuum.csproj", "{E2FF529D-BB46-41C0-A716-0956B0683915}"
EndProject
Project("{9A19103F-16F7-4668-BE54-9A1E7A4F7556}") = "Year2015.Day04.TheIdealStockingStuffer", "src\Year2015.Day04.TheIdealStockingStuffer\Year2015.Day04.TheIdealStockingStuffer.csproj", "{B778E35F-CD92-48B7-A715-BD081AD54FEC}"
EndProject
Project("{9A19103F-16F7-4668-BE54-9A1E7A4F7556}") = "Year2015.Day05.DoesntHeHaveInternElvesForThis", "src\Year2015.Day05.DoesntHeHaveInternElvesForThis\Year2015.Day05.DoesntHeHaveInternElvesForThis.csproj", "{4FB353A9-FDD1-4636-BA78-3B6516827F2E}"
EndProject
Project("{9A19103F-16F7-4668-BE54-9A1E7A4F7556}") = "Year2015.Day06.ProbablyFireHazard", "src\Year2015.Day06.ProbablyFireHazard\Year2015.Day06.ProbablyFireHazard.csproj", "{072C99B8-408C-4CA2-B69A-872D04CE6F6C}"
EndProject
Project("{9A19103F-16F7-4668-BE54-9A1E7A4F7556}") = "Year2015.Day07.SomeAssemblyRequired", "src\Year2015.Day07.SomeAssemblyRequired\Year2015.Day07.SomeAssemblyRequired.csproj", "{EBEEFD23-AD48-40EC-919C-F3B201679D4C}"
EndProject
Project("{9A19103F-16F7-4668-BE54-9A1E7A4F7556}") = "Year2015.Day08.Matchsticks", "src\Year2015.Day08.Matchsticks\Year2015.Day08.Matchsticks.csproj", "{B7D66810-4B9B-49B9-987E-C53BB1B98BB3}"
EndProject
Project("{9A19103F-16F7-4668-BE54-9A1E7A4F7556}") = "Year2015.Day09.AllSingleNight", "src\Year2015.Day09.AllSingleNight\Year2015.Day09.AllSingleNight.csproj", "{971499A7-A9A7-4CF8-8E29-45D7858CE10F}"
EndProject
Project("{9A19103F-16F7-4668-BE54-9A1E7A4F7556}") = "Year2015.Day10.ElvesLookElvesSay", "src\Year2015.Day10.ElvesLookElvesSay\Year2015.Day10.ElvesLookElvesSay.csproj", "{1E46738B-3EE9-44FA-8473-52B273A2E9EC}"
EndProject
Project("{9A19103F-16F7-4668-BE54-9A1E7A4F7556}") = "Year2015.Day11.CorporatePolicy", "src\Year2015.Day11.CorporatePolicy\Year2015.Day11.CorporatePolicy.csproj", "{B96B4AB8-DE9A-450C-947F-8457BB4180A1}"
EndProject
Project("{9A19103F-16F7-4668-BE54-9A1E7A4F7556}") = "Year2015.Day12.JSAbacusFrameworkIO", "src\Year2015.Day12.JSAbacusFrameworkIO\Year2015.Day12.JSAbacusFrameworkIO.csproj", "{B9D36C2A-C69D-426D-9E8A-4FE1A9A4F56E}"
EndProject
Project("{9A19103F-16F7-4668-BE54-9A1E7A4F7556}") = "Year2015.Day13.KnightsOfTheDinnerTable", "src\Year2015.Day13.KnightsOfTheDinnerTable\Year2015.Day13.KnightsOfTheDinnerTable.csproj", "{8C50265B-3A60-4D8A-A5DE-E08F25D8D889}"
EndProject
Project("{9A19103F-16F7-4668-BE54-9A1E7A4F7556}") = "Year2015.Day14.ReindeerOlympics", "src\Year2015.Day14.ReindeerOlympics\Year2015.Day14.ReindeerOlympics.csproj", "{76CA1399-8BD4-45F1-A2C8-F9669C4CB73F}"
EndProject
Project("{9A19103F-16F7-4668-BE54-9A1E7A4F7556}") = "Year2015.Day15.ScienceHungryPeople", "src\Year2015.Day15.ScienceHungryPeople\Year2015.Day15.ScienceHungryPeople.csproj", "{BB4F23DE-B815-4E2C-9973-3AF4F998B272}"
EndProject
Project("{9A19103F-16F7-4668-BE54-9A1E7A4F7556}") = "Year2015.Day16.AuntSue", "src\Year2015.Day16.AuntSue\Year2015.Day16.AuntSue.csproj", "{95599184-7E19-4DC2-8794-DF0CEC65C98E}"
EndProject
Project("{9A19103F-16F7-4668-BE54-9A1E7A4F7556}") = "Year2015.Day17.NoSuchThingTooMuch", "src\Year2015.Day17.NoSuchThingTooMuch\Year2015.Day17.NoSuchThingTooMuch.csproj", "{70791C79-6206-4ABC-910A-7EB6C485D0E4}"
EndProject
Project("{9A19103F-16F7-4668-BE54-9A1E7A4F7556}") = "Year2015.Day18.LikeGifForYourYard", "src\Year2015.Day18.LikeGifForYourYard\Year2015.Day18.LikeGifForYourYard.csproj", "{47289481-1AE7-4299-9ABF-C1EDC87CB65D}"
EndProject
Project("{9A19103F-16F7-4668-BE54-9A1E7A4F7556}") = "Year2015.Day19.MedicineForRudolph", "src\Year2015.Day19.MedicineForRudolph\Year2015.Day19.MedicineForRudolph.csproj", "{5A455394-30CA-4D48-8641-6A24EF0A306F}"
EndProject
Project("{9A19103F-16F7-4668-BE54-9A1E7A4F7556}") = "Year2015.Day20.InfiniteElvesAndInfiniteHouses", "src\Year2015.Day20.InfiniteElvesAndInfiniteHouses\Year2015.Day20.InfiniteElvesAndInfiniteHouses.csproj", "{2525DB9E-6C11-48AB-8C0D-422A94353D56}"
EndProject
Project("{9A19103F-16F7-4668-BE54-9A1E7A4F7556}") = "Year2015.Day21.RpgSimulator20XX", "src\Year2015.Day21.RpgSimulator20XX\Year2015.Day21.RpgSimulator20XX.csproj", "{E92EC833-61F8-46BC-AB37-3AB6A58B69D9}"
EndProject
Project("{9A19103F-16F7-4668-BE54-9A1E7A4F7556}") = "Year2015.Day22.WizardSimulator20XX", "src\Year2015.Day22.WizardSimulator20XX\Year2015.Day22.WizardSimulator20XX.csproj", "{C7646104-FD8F-4D61-9854-FD4970689122}"
EndProject
Project("{9A19103F-16F7-4668-BE54-9A1E7A4F7556}") = "Year2015.Day23.OpeningTheTurningLock", "src\Year2015.Day23.OpeningTheTurningLock\Year2015.Day23.OpeningTheTurningLock.csproj", "{1E348517-1A75-4D54-B13A-C7E3A19EEEB0}"
EndProject
Project("{9A19103F-16F7-4668-BE54-9A1E7A4F7556}") = "Year2015.Day24.ItHangsInTheBalance", "src\Year2015.Day24.ItHangsInTheBalance\Year2015.Day24.ItHangsInTheBalance.csproj", "{868D13EA-1AB1-4C63-9B3C-1952C4199B47}"
EndProject
Project("{9A19103F-16F7-4668-BE54-9A1E7A4F7556}") = "Year2015.Day25.LetItSnow", "src\Year2015.Day25.LetItSnow\Year2015.Day25.LetItSnow.csproj", "{56FF817E-3188-4421-A30B-EB1132543B26}"
EndProject
Project("{2150E333-8FDC-42A3-9474-1A3956D46DE8}") = "src", "src", "{42FAFABB-810D-4780-9D96-B4F9007BE0E2}"
EndProject
Global
	GlobalSection(SolutionConfigurationPlatforms) = preSolution
		Debug|Any CPU = Debug|Any CPU
		Release|Any CPU = Release|Any CPU
	EndGlobalSection
	GlobalSection(ProjectConfigurationPlatforms) = postSolution
		{37ACC68D-412E-4EEB-B56D-5B674C2A03BB}.Debug|Any CPU.ActiveCfg = Debug|Any CPU
		{37ACC68D-412E-4EEB-B56D-5B674C2A03BB}.Debug|Any CPU.Build.0 = Debug|Any CPU
		{37ACC68D-412E-4EEB-B56D-5B674C2A03BB}.Release|Any CPU.ActiveCfg = Release|Any CPU
		{37ACC68D-412E-4EEB-B56D-5B674C2A03BB}.Release|Any CPU.Build.0 = Release|Any CPU
		{6AECAB52-D843-4EAD-ABFE-00A512C9DAB2}.Debug|Any CPU.ActiveCfg = Debug|Any CPU
		{6AECAB52-D843-4EAD-ABFE-00A512C9DAB2}.Debug|Any CPU.Build.0 = Debug|Any CPU
		{6AECAB52-D843-4EAD-ABFE-00A512C9DAB2}.Release|Any CPU.ActiveCfg = Release|Any CPU
		{6AECAB52-D843-4EAD-ABFE-00A512C9DAB2}.Release|Any CPU.Build.0 = Release|Any CPU
		{E2FF529D-BB46-41C0-A716-0956B0683915}.Debug|Any CPU.ActiveCfg = Debug|Any CPU
		{E2FF529D-BB46-41C0-A716-0956B0683915}.Debug|Any CPU.Build.0 = Debug|Any CPU
		{E2FF529D-BB46-41C0-A716-0956B0683915}.Release|Any CPU.ActiveCfg = Release|Any CPU
		{E2FF529D-BB46-41C0-A716-0956B0683915}.Release|Any CPU.Build.0 = Release|Any CPU
		{B778E35F-CD92-48B7-A715-BD081AD54FEC}.Debug|Any CPU.ActiveCfg = Debug|Any CPU
		{B778E35F-CD92-48B7-A715-BD081AD54FEC}.Debug|Any CPU.Build.0 = Debug|Any CPU
		{B778E35F-CD92-48B7-A715-BD081AD54FEC}.Release|Any CPU.ActiveCfg = Release|Any CPU
		{B778E35F-CD92-48B7-A715-BD081AD54FEC}.Release|Any CPU.Build.0 = Release|Any CPU
		{4FB353A9-FDD1-4636-BA78-3B6516827F2E}.Debug|Any CPU.ActiveCfg = Debug|Any CPU
		{4FB353A9-FDD1-4636-BA78-3B6516827F2E}.Debug|Any CPU.Build.0 = Debug|Any CPU
		{4FB353A9-FDD1-4636-BA78-3B6516827F2E}.Release|Any CPU.ActiveCfg = Release|Any CPU
		{4FB353A9-FDD1-4636-BA78-3B6516827F2E}.Release|Any CPU.Build.0 = Release|Any CPU
		{072C99B8-408C-4CA2-B69A-872D04CE6F6C}.Debug|Any CPU.ActiveCfg = Debug|Any CPU
		{072C99B8-408C-4CA2-B69A-872D04CE6F6C}.Debug|Any CPU.Build.0 = Debug|Any CPU
		{072C99B8-408C-4CA2-B69A-872D04CE6F6C}.Release|Any CPU.ActiveCfg = Release|Any CPU
		{072C99B8-408C-4CA2-B69A-872D04CE6F6C}.Release|Any CPU.Build.0 = Release|Any CPU
		{EBEEFD23-AD48-40EC-919C-F3B201679D4C}.Debug|Any CPU.ActiveCfg = Debug|Any CPU
		{EBEEFD23-AD48-40EC-919C-F3B201679D4C}.Debug|Any CPU.Build.0 = Debug|Any CPU
		{EBEEFD23-AD48-40EC-919C-F3B201679D4C}.Release|Any CPU.ActiveCfg = Release|Any CPU
		{EBEEFD23-AD48-40EC-919C-F3B201679D4C}.Release|Any CPU.Build.0 = Release|Any CPU
		{B7D66810-4B9B-49B9-987E-C53BB1B98BB3}.Debug|Any CPU.ActiveCfg = Debug|Any CPU
		{B7D66810-4B9B-49B9-987E-C53BB1B98BB3}.Debug|Any CPU.Build.0 = Debug|Any CPU
		{B7D66810-4B9B-49B9-987E-C53BB1B98BB3}.Release|Any CPU.ActiveCfg = Release|Any CPU
		{B7D66810-4B9B-49B9-987E-C53BB1B98BB3}.Release|Any CPU.Build.0 = Release|Any CPU
		{971499A7-A9A7-4CF8-8E29-45D7858CE10F}.Debug|Any CPU.ActiveCfg = Debug|Any CPU
		{971499A7-A9A7-4CF8-8E29-45D7858CE10F}.Debug|Any CPU.Build.0 = Debug|Any CPU
		{971499A7-A9A7-4CF8-8E29-45D7858CE10F}.Release|Any CPU.ActiveCfg = Release|Any CPU
		{971499A7-A9A7-4CF8-8E29-45D7858CE10F}.Release|Any CPU.Build.0 = Release|Any CPU
		{1E46738B-3EE9-44FA-8473-52B273A2E9EC}.Debug|Any CPU.ActiveCfg = Debug|Any CPU
		{1E46738B-3EE9-44FA-8473-52B273A2E9EC}.Debug|Any CPU.Build.0 = Debug|Any CPU
		{1E46738B-3EE9-44FA-8473-52B273A2E9EC}.Release|Any CPU.ActiveCfg = Release|Any CPU
		{1E46738B-3EE9-44FA-8473-52B273A2E9EC}.Release|Any CPU.Build.0 = Release|Any CPU
		{B96B4AB8-DE9A-450C-947F-8457BB4180A1}.Debug|Any CPU.ActiveCfg = Debug|Any CPU
		{B96B4AB8-DE9A-450C-947F-8457BB4180A1}.Debug|Any CPU.Build.0 = Debug|Any CPU
		{B96B4AB8-DE9A-450C-947F-8457BB4180A1}.Release|Any CPU.ActiveCfg = Release|Any CPU
		{B96B4AB8-DE9A-450C-947F-8457BB4180A1}.Release|Any CPU.Build.0 = Release|Any CPU
		{B9D36C2A-C69D-426D-9E8A-4FE1A9A4F56E}.Debug|Any CPU.ActiveCfg = Debug|Any CPU
		{B9D36C2A-C69D-426D-9E8A-4FE1A9A4F56E}.Debug|Any CPU.Build.0 = Debug|Any CPU
		{B9D36C2A-C69D-426D-9E8A-4FE1A9A4F56E}.Release|Any CPU.ActiveCfg = Release|Any CPU
		{B9D36C2A-C69D-426D-9E8A-4FE1A9A4F56E}.Release|Any CPU.Build.0 = Release|Any CPU
		{8C50265B-3A60-4D8A-A5DE-E08F25D8D889}.Debug|Any CPU.ActiveCfg = Debug|Any CPU
		{8C50265B-3A60-4D8A-A5DE-E08F25D8D889}.Debug|Any CPU.Build.0 = Debug|Any CPU
		{8C50265B-3A60-4D8A-A5DE-E08F25D8D889}.Release|Any CPU.ActiveCfg = Release|Any CPU
		{8C50265B-3A60-4D8A-A5DE-E08F25D8D889}.Release|Any CPU.Build.0 = Release|Any CPU
		{76CA1399-8BD4-45F1-A2C8-F9669C4CB73F}.Debug|Any CPU.ActiveCfg = Debug|Any CPU
		{76CA1399-8BD4-45F1-A2C8-F9669C4CB73F}.Debug|Any CPU.Build.0 = Debug|Any CPU
		{76CA1399-8BD4-45F1-A2C8-F9669C4CB73F}.Release|Any CPU.ActiveCfg = Release|Any CPU
		{76CA1399-8BD4-45F1-A2C8-F9669C4CB73F}.Release|Any CPU.Build.0 = Release|Any CPU
		{BB4F23DE-B815-4E2C-9973-3AF4F998B272}.Debug|Any CPU.ActiveCfg = Debug|Any CPU
		{BB4F23DE-B815-4E2C-9973-3AF4F998B272}.Debug|Any CPU.Build.0 = Debug|Any CPU
		{BB4F23DE-B815-4E2C-9973-3AF4F998B272}.Release|Any CPU.ActiveCfg = Release|Any CPU
		{BB4F23DE-B815-4E2C-9973-3AF4F998B272}.Release|Any CPU.Build.0 = Release|Any CPU
		{95599184-7E19-4DC2-8794-DF0CEC65C98E}.Debug|Any CPU.ActiveCfg = Debug|Any CPU
		{95599184-7E19-4DC2-8794-DF0CEC65C98E}.Debug|Any CPU.Build.0 = Debug|Any CPU
		{95599184-7E19-4DC2-8794-DF0CEC65C98E}.Release|Any CPU.ActiveCfg = Release|Any CPU
		{95599184-7E19-4DC2-8794-DF0CEC65C98E}.Release|Any CPU.Build.0 = Release|Any CPU
		{70791C79-6206-4ABC-910A-7EB6C485D0E4}.Debug|Any CPU.ActiveCfg = Debug|Any CPU
		{70791C79-6206-4ABC-910A-7EB6C485D0E4}.Debug|Any CPU.Build.0 = Debug|Any CPU
		{70791C79-6206-4ABC-910A-7EB6C485D0E4}.Release|Any CPU.ActiveCfg = Release|Any CPU
		{70791C79-6206-4ABC-910A-7EB6C485D0E4}.Release|Any CPU.Build.0 = Release|Any CPU
		{47289481-1AE7-4299-9ABF-C1EDC87CB65D}.Debug|Any CPU.ActiveCfg = Debug|Any CPU
		{47289481-1AE7-4299-9ABF-C1EDC87CB65D}.Debug|Any CPU.Build.0 = Debug|Any CPU
		{47289481-1AE7-4299-9ABF-C1EDC87CB65D}.Release|Any CPU.ActiveCfg = Release|Any CPU
		{47289481-1AE7-4299-9ABF-C1EDC87CB65D}.Release|Any CPU.Build.0 = Release|Any CPU
		{5A455394-30CA-4D48-8641-6A24EF0A306F}.Debug|Any CPU.ActiveCfg = Debug|Any CPU
		{5A455394-30CA-4D48-8641-6A24EF0A306F}.Debug|Any CPU.Build.0 = Debug|Any CPU
		{5A455394-30CA-4D48-8641-6A24EF0A306F}.Release|Any CPU.ActiveCfg = Release|Any CPU
		{5A455394-30CA-4D48-8641-6A24EF0A306F}.Release|Any CPU.Build.0 = Release|Any CPU
		{2525DB9E-6C11-48AB-8C0D-422A94353D56}.Debug|Any CPU.ActiveCfg = Debug|Any CPU
		{2525DB9E-6C11-48AB-8C0D-422A94353D56}.Debug|Any CPU.Build.0 = Debug|Any CPU
		{2525DB9E-6C11-48AB-8C0D-422A94353D56}.Release|Any CPU.ActiveCfg = Release|Any CPU
		{2525DB9E-6C11-48AB-8C0D-422A94353D56}.Release|Any CPU.Build.0 = Release|Any CPU
		{E92EC833-61F8-46BC-AB37-3AB6A58B69D9}.Debug|Any CPU.ActiveCfg = Debug|Any CPU
		{E92EC833-61F8-46BC-AB37-3AB6A58B69D9}.Debug|Any CPU.Build.0 = Debug|Any CPU
		{E92EC833-61F8-46BC-AB37-3AB6A58B69D9}.Release|Any CPU.ActiveCfg = Release|Any CPU
		{E92EC833-61F8-46BC-AB37-3AB6A58B69D9}.Release|Any CPU.Build.0 = Release|Any CPU
		{C7646104-FD8F-4D61-9854-FD4970689122}.Debug|Any CPU.ActiveCfg = Debug|Any CPU
		{C7646104-FD8F-4D61-9854-FD4970689122}.Debug|Any CPU.Build.0 = Debug|Any CPU
		{C7646104-FD8F-4D61-9854-FD4970689122}.Release|Any CPU.ActiveCfg = Release|Any CPU
		{C7646104-FD8F-4D61-9854-FD4970689122}.Release|Any CPU.Build.0 = Release|Any CPU
		{1E348517-1A75-4D54-B13A-C7E3A19EEEB0}.Debug|Any CPU.ActiveCfg = Debug|Any CPU
		{1E348517-1A75-4D54-B13A-C7E3A19EEEB0}.Debug|Any CPU.Build.0 = Debug|Any CPU
		{1E348517-1A75-4D54-B13A-C7E3A19EEEB0}.Release|Any CPU.ActiveCfg = Release|Any CPU
		{1E348517-1A75-4D54-B13A-C7E3A19EEEB0}.Release|Any CPU.Build.0 = Release|Any CPU
		{868D13EA-1AB1-4C63-9B3C-1952C4199B47}.Debug|Any CPU.ActiveCfg = Debug|Any CPU
		{868D13EA-1AB1-4C63-9B3C-1952C4199B47}.Debug|Any CPU.Build.0 = Debug|Any CPU
		{868D13EA-1AB1-4C63-9B3C-1952C4199B47}.Release|Any CPU.ActiveCfg = Release|Any CPU
		{868D13EA-1AB1-4C63-9B3C-1952C4199B47}.Release|Any CPU.Build.0 = Release|Any CPU
		{56FF817E-3188-4421-A30B-EB1132543B26}.Debug|Any CPU.ActiveCfg = Debug|Any CPU
		{56FF817E-3188-4421-A30B-EB1132543B26}.Debug|Any CPU.Build.0 = Debug|Any CPU
		{56FF817E-3188-4421-A30B-EB1132543B26}.Release|Any CPU.ActiveCfg = Release|Any CPU
		{56FF817E-3188-4421-A30B-EB1132543B26}.Release|Any CPU.Build.0 = Release|Any CPU
	EndGlobalSection
	GlobalSection(SolutionProperties) = preSolution
		HideSolutionNode = FALSE
	EndGlobalSection
	GlobalSection(NestedProjects) = preSolution
		{37ACC68D-412E-4EEB-B56D-5B674C2A03BB} = {42FAFABB-810D-4780-9D96-B4F9007BE0E2}
		{6AECAB52-D843-4EAD-ABFE-00A512C9DAB2} = {42FAFABB-810D-4780-9D96-B4F9007BE0E2}
		{E2FF529D-BB46-41C0-A716-0956B0683915} = {42FAFABB-810D-4780-9D96-B4F9007BE0E2}
		{B778E35F-CD92-48B7-A715-BD081AD54FEC} = {42FAFABB-810D-4780-9D96-B4F9007BE0E2}
		{4FB353A9-FDD1-4636-BA78-3B6516827F2E} = {42FAFABB-810D-4780-9D96-B4F9007BE0E2}
		{072C99B8-408C-4CA2-B69A-872D04CE6F6C} = {42FAFABB-810D-4780-9D96-B4F9007BE0E2}
		{EBEEFD23-AD48-40EC-919C-F3B201679D4C} = {42FAFABB-810D-4780-9D96-B4F9007BE0E2}
		{B7D66810-4B9B-49B9-987E-C53BB1B98BB3} = {42FAFABB-810D-4780-9D96-B4F9007BE0E2}
		{971499A7-A9A7-4CF8-8E29-45D7858CE10F} = {42FAFABB-810D-4780-9D96-B4F9007BE0E2}
		{1E46738B-3EE9-44FA-8473-52B273A2E9EC} = {42FAFABB-810D-4780-9D96-B4F9007BE0E2}
		{B96B4AB8-DE9A-450C-947F-8457BB4180A1} = {42FAFABB-810D-4780-9D96-B4F9007BE0E2}
		{B9D36C2A-C69D-426D-9E8A-4FE1A9A4F56E} = {42FAFABB-810D-4780-9D96-B4F9007BE0E2}
		{8C50265B-3A60-4D8A-A5DE-E08F25D8D889} = {42FAFABB-810D-4780-9D96-B4F9007BE0E2}
		{76CA1399-8BD4-45F1-A2C8-F9669C4CB73F} = {42FAFABB-810D-4780-9D96-B4F9007BE0E2}
		{BB4F23DE-B815-4E2C-9973-3AF4F998B272} = {42FAFABB-810D-4780-9D96-B4F9007BE0E2}
		{95599184-7E19-4DC2-8794-DF0CEC65C98E} = {42FAFABB-810D-4780-9D96-B4F9007BE0E2}
		{70791C79-6206-4ABC-910A-7EB6C485D0E4} = {42FAFABB-810D-4780-9D96-B4F9007BE0E2}
		{47289481-1AE7-4299-9ABF-C1EDC87CB65D} = {42FAFABB-810D-4780-9D96-B4F9007BE0E2}
		{5A455394-30CA-4D48-8641-6A24EF0A306F} = {42FAFABB-810D-4780-9D96-B4F9007BE0E2}
		{2525DB9E-6C11-48AB-8C0D-422A94353D56} = {42FAFABB-810D-4780-9D96-B4F9007BE0E2}
		{E92EC833-61F8-46BC-AB37-3AB6A58B69D9} = {42FAFABB-810D-4780-9D96-B4F9007BE0E2}
		{C7646104-FD8F-4D61-9854-FD4970689122} = {42FAFABB-810D-4780-9D96-B4F9007BE0E2}
		{1E348517-1A75-4D54-B13A-C7E3A19EEEB0} = {42FAFABB-810D-4780-9D96-B4F9007BE0E2}
		{868D13EA-1AB1-4C63-9B3C-1952C4199B47} = {42FAFABB-810D-4780-9D96-B4F9007BE0E2}
		{56FF817E-3188-4421-A30B-EB1132543B26} = {42FAFABB-810D-4780-9D96-B4F9007BE0E2}
	EndGlobalSection
	GlobalSection(ExtensibilityGlobals) = postSolution
		SolutionGuid = {A0A05BDE-29A0-4F03-9256-5407CE51A222}
	EndGlobalSection
EndGlobal
