
Microsoft Visual Studio Solution File, Format Version 12.00
# Visual Studio Version 17
VisualStudioVersion = 17.0.31903.59
MinimumVisualStudioVersion = 10.0.40219.1
Project("{FAE04EC0-301F-11D3-BF4B-00C04F79EFBC}") = "CircularBuffer", "circular-buffer\CircularBuffer.csproj", "{2F825013-80D4-4958-9736-994F3F25F86C}"
EndProject
Project("{FAE04EC0-301F-11D3-BF4B-00C04F79EFBC}") = "Clock", "clock\Clock.csproj", "{D2A7C14E-BDD5-4506-A285-8B3F95AF6D9A}"
EndProject
Project("{FAE04EC0-301F-11D3-BF4B-00C04F79EFBC}") = "Gigasecond", "gigasecond\Gigasecond.csproj", "{FF1695DC-F07F-4DCE-9C9F-E5B056E9E6BE}"
EndProject
Project("{FAE04EC0-301F-11D3-BF4B-00C04F79EFBC}") = "Hangman", "hangman\Hangman.csproj", "{55F2221D-5253-4AFF-8933-A3A3BFA4310A}"
EndProject
Project("{FAE04EC0-301F-11D3-BF4B-00C04F79EFBC}") = "LargestSeriesProduct", "largest-series-product\LargestSeriesProduct.csproj", "{C3ECE0B7-F560-484D-A481-56F97B96A7FB}"
EndProject
Project("{FAE04EC0-301F-11D3-BF4B-00C04F79EFBC}") = "Leap", "leap\Leap.csproj", "{F1DFD8D6-5A5F-4162-A653-BC8697603338}"
EndProject
Project("{FAE04EC0-301F-11D3-BF4B-00C04F79EFBC}") = "LogAnalysis", "log-analysis\LogAnalysis.csproj", "{BEE6B5B1-2167-4B75-A916-C1C3C435BF84}"
EndProject
Project("{FAE04EC0-301F-11D3-BF4B-00C04F79EFBC}") = "ParallelLetterFrequency", "parallel-letter-frequency\ParallelLetterFrequency.csproj", "{DDCCD025-6E6B-4F54-9772-30DBCCE08332}"
EndProject
Project("{FAE04EC0-301F-11D3-BF4B-00C04F79EFBC}") = "PhoneNumber", "phone-number\PhoneNumber.csproj", "{21EB4F07-4C43-4D9B-AADB-B6C66D7600CC}"
EndProject
Project("{FAE04EC0-301F-11D3-BF4B-00C04F79EFBC}") = "RotationalCipher", "rotational-cipher\RotationalCipher.csproj", "{00705494-C1F0-4FB3-9AAB-5B7925603CFC}"
EndProject
Project("{FAE04EC0-301F-11D3-BF4B-00C04F79EFBC}") = "ScrabbleScore", "scrabble-score\ScrabbleScore.csproj", "{F149DAF0-C352-47B2-9D50-4D82D80D880B}"
EndProject
Project("{FAE04EC0-301F-11D3-BF4B-00C04F79EFBC}") = "SimpleCipher", "simple-cipher\SimpleCipher.csproj", "{48C9DC93-9921-4506-AAB3-3FB41B009B95}"
EndProject
Global
	GlobalSection(SolutionConfigurationPlatforms) = preSolution
		Debug|Any CPU = Debug|Any CPU
		Release|Any CPU = Release|Any CPU
	EndGlobalSection
	GlobalSection(SolutionProperties) = preSolution
		HideSolutionNode = FALSE
	EndGlobalSection
	GlobalSection(ProjectConfigurationPlatforms) = postSolution
		{2F825013-80D4-4958-9736-994F3F25F86C}.Debug|Any CPU.ActiveCfg = Debug|Any CPU
		{2F825013-80D4-4958-9736-994F3F25F86C}.Debug|Any CPU.Build.0 = Debug|Any CPU
		{2F825013-80D4-4958-9736-994F3F25F86C}.Release|Any CPU.ActiveCfg = Release|Any CPU
		{2F825013-80D4-4958-9736-994F3F25F86C}.Release|Any CPU.Build.0 = Release|Any CPU
		{D2A7C14E-BDD5-4506-A285-8B3F95AF6D9A}.Debug|Any CPU.ActiveCfg = Debug|Any CPU
		{D2A7C14E-BDD5-4506-A285-8B3F95AF6D9A}.Debug|Any CPU.Build.0 = Debug|Any CPU
		{D2A7C14E-BDD5-4506-A285-8B3F95AF6D9A}.Release|Any CPU.ActiveCfg = Release|Any CPU
		{D2A7C14E-BDD5-4506-A285-8B3F95AF6D9A}.Release|Any CPU.Build.0 = Release|Any CPU
		{FF1695DC-F07F-4DCE-9C9F-E5B056E9E6BE}.Debug|Any CPU.ActiveCfg = Debug|Any CPU
		{FF1695DC-F07F-4DCE-9C9F-E5B056E9E6BE}.Debug|Any CPU.Build.0 = Debug|Any CPU
		{FF1695DC-F07F-4DCE-9C9F-E5B056E9E6BE}.Release|Any CPU.ActiveCfg = Release|Any CPU
		{FF1695DC-F07F-4DCE-9C9F-E5B056E9E6BE}.Release|Any CPU.Build.0 = Release|Any CPU
		{55F2221D-5253-4AFF-8933-A3A3BFA4310A}.Debug|Any CPU.ActiveCfg = Debug|Any CPU
		{55F2221D-5253-4AFF-8933-A3A3BFA4310A}.Debug|Any CPU.Build.0 = Debug|Any CPU
		{55F2221D-5253-4AFF-8933-A3A3BFA4310A}.Release|Any CPU.ActiveCfg = Release|Any CPU
		{55F2221D-5253-4AFF-8933-A3A3BFA4310A}.Release|Any CPU.Build.0 = Release|Any CPU
		{C3ECE0B7-F560-484D-A481-56F97B96A7FB}.Debug|Any CPU.ActiveCfg = Debug|Any CPU
		{C3ECE0B7-F560-484D-A481-56F97B96A7FB}.Debug|Any CPU.Build.0 = Debug|Any CPU
		{C3ECE0B7-F560-484D-A481-56F97B96A7FB}.Release|Any CPU.ActiveCfg = Release|Any CPU
		{C3ECE0B7-F560-484D-A481-56F97B96A7FB}.Release|Any CPU.Build.0 = Release|Any CPU
		{F1DFD8D6-5A5F-4162-A653-BC8697603338}.Debug|Any CPU.ActiveCfg = Debug|Any CPU
		{F1DFD8D6-5A5F-4162-A653-BC8697603338}.Debug|Any CPU.Build.0 = Debug|Any CPU
		{F1DFD8D6-5A5F-4162-A653-BC8697603338}.Release|Any CPU.ActiveCfg = Release|Any CPU
		{F1DFD8D6-5A5F-4162-A653-BC8697603338}.Release|Any CPU.Build.0 = Release|Any CPU
		{BEE6B5B1-2167-4B75-A916-C1C3C435BF84}.Debug|Any CPU.ActiveCfg = Debug|Any CPU
		{BEE6B5B1-2167-4B75-A916-C1C3C435BF84}.Debug|Any CPU.Build.0 = Debug|Any CPU
		{BEE6B5B1-2167-4B75-A916-C1C3C435BF84}.Release|Any CPU.ActiveCfg = Release|Any CPU
		{BEE6B5B1-2167-4B75-A916-C1C3C435BF84}.Release|Any CPU.Build.0 = Release|Any CPU
		{DDCCD025-6E6B-4F54-9772-30DBCCE08332}.Debug|Any CPU.ActiveCfg = Debug|Any CPU
		{DDCCD025-6E6B-4F54-9772-30DBCCE08332}.Debug|Any CPU.Build.0 = Debug|Any CPU
		{DDCCD025-6E6B-4F54-9772-30DBCCE08332}.Release|Any CPU.ActiveCfg = Release|Any CPU
		{DDCCD025-6E6B-4F54-9772-30DBCCE08332}.Release|Any CPU.Build.0 = Release|Any CPU
		{21EB4F07-4C43-4D9B-AADB-B6C66D7600CC}.Debug|Any CPU.ActiveCfg = Debug|Any CPU
		{21EB4F07-4C43-4D9B-AADB-B6C66D7600CC}.Debug|Any CPU.Build.0 = Debug|Any CPU
		{21EB4F07-4C43-4D9B-AADB-B6C66D7600CC}.Release|Any CPU.ActiveCfg = Release|Any CPU
		{21EB4F07-4C43-4D9B-AADB-B6C66D7600CC}.Release|Any CPU.Build.0 = Release|Any CPU
		{00705494-C1F0-4FB3-9AAB-5B7925603CFC}.Debug|Any CPU.ActiveCfg = Debug|Any CPU
		{00705494-C1F0-4FB3-9AAB-5B7925603CFC}.Debug|Any CPU.Build.0 = Debug|Any CPU
		{00705494-C1F0-4FB3-9AAB-5B7925603CFC}.Release|Any CPU.ActiveCfg = Release|Any CPU
		{00705494-C1F0-4FB3-9AAB-5B7925603CFC}.Release|Any CPU.Build.0 = Release|Any CPU
		{F149DAF0-C352-47B2-9D50-4D82D80D880B}.Debug|Any CPU.ActiveCfg = Debug|Any CPU
		{F149DAF0-C352-47B2-9D50-4D82D80D880B}.Debug|Any CPU.Build.0 = Debug|Any CPU
		{F149DAF0-C352-47B2-9D50-4D82D80D880B}.Release|Any CPU.ActiveCfg = Release|Any CPU
		{F149DAF0-C352-47B2-9D50-4D82D80D880B}.Release|Any CPU.Build.0 = Release|Any CPU
		{48C9DC93-9921-4506-AAB3-3FB41B009B95}.Debug|Any CPU.ActiveCfg = Debug|Any CPU
		{48C9DC93-9921-4506-AAB3-3FB41B009B95}.Debug|Any CPU.Build.0 = Debug|Any CPU
		{48C9DC93-9921-4506-AAB3-3FB41B009B95}.Release|Any CPU.ActiveCfg = Release|Any CPU
		{48C9DC93-9921-4506-AAB3-3FB41B009B95}.Release|Any CPU.Build.0 = Release|Any CPU
	EndGlobalSection
EndGlobal
