
Microsoft Visual Studio Solution File, Format Version 12.00
# Visual Studio Version 17
VisualStudioVersion = 17.0.32112.339
MinimumVisualStudioVersion = 10.0.40219.1
Project("{9A19103F-16F7-4668-BE54-9A1E7A4F7556}") = "Year2021.Day01.SonarSweep", "src\Year2021.Day01.SonarSweep\Year2021.Day01.SonarSweep.csproj", "{6C8FF34D-C289-41C7-9643-505BAE8B7782}"
EndProject
Project("{9A19103F-16F7-4668-BE54-9A1E7A4F7556}") = "Year2021.Day02.Dive", "src\Year2021.Day02.Dive\Year2021.Day02.Dive.csproj", "{6A282D6D-196D-432E-9E64-4C915226C4D1}"
EndProject
Project("{9A19103F-16F7-4668-BE54-9A1E7A4F7556}") = "Year2021.Day03.BinaryDiagnostic", "src\Year2021.Day03.BinaryDiagnostic\Year2021.Day03.BinaryDiagnostic.csproj", "{FD9A075A-F3D1-4410-BC22-A7EF727D6DF4}"
EndProject
Project("{9A19103F-16F7-4668-BE54-9A1E7A4F7556}") = "Year2021.Day04.GiantSquid", "src\Year2021.Day04.GiantSquid\Year2021.Day04.GiantSquid.csproj", "{DA36CD2F-C1EA-4AC7-9FEB-501EB6C5A14C}"
EndProject
Project("{9A19103F-16F7-4668-BE54-9A1E7A4F7556}") = "Year2021.Day05.HydrothermalVenture", "src\Year2021.Day05.HydrothermalVenture\Year2021.Day05.HydrothermalVenture.csproj", "{0A003B35-955C-49DA-9621-E5B6A2EA1183}"
EndProject
Project("{9A19103F-16F7-4668-BE54-9A1E7A4F7556}") = "Year2021.Day06.Lanternfish", "src\Year2021.Day06.Lanternfish\Year2021.Day06.Lanternfish.csproj", "{42E844BB-6C95-47E4-A92A-3979A62B89A9}"
EndProject
Project("{9A19103F-16F7-4668-BE54-9A1E7A4F7556}") = "Year2021.Day07.ThreacheryOfWhales", "src\Year2021.Day07.ThreacheryOfWhales\Year2021.Day07.ThreacheryOfWhales.csproj", "{10E0B6BF-2404-443F-B0F3-0FCCEBFC011B}"
EndProject
Project("{9A19103F-16F7-4668-BE54-9A1E7A4F7556}") = "Year2021.Day08.SevenSegmenSearch", "src\Year2021.Day08.SevenSegmenSearch\Year2021.Day08.SevenSegmenSearch.csproj", "{4F4DA692-D4D8-4411-ABC5-A55DC1EC5841}"
EndProject
Project("{9A19103F-16F7-4668-BE54-9A1E7A4F7556}") = "Year2021.Day09.SmokeBasin", "src\Year2021.Day09.SmokeBasin\Year2021.Day09.SmokeBasin.csproj", "{50CDDE0E-71A4-4768-BC24-C334AA514843}"
EndProject
Project("{9A19103F-16F7-4668-BE54-9A1E7A4F7556}") = "Year2021.Day10.SyntaxScoring", "src\Year2021.Day10.SyntaxScoring\Year2021.Day10.SyntaxScoring.csproj", "{D4E89367-C8CE-482A-B5EA-1979C56E1271}"
EndProject
Project("{9A19103F-16F7-4668-BE54-9A1E7A4F7556}") = "Year2021.Day11.DumboOctopus", "src\Year2021.Day11.DumboOctopus\Year2021.Day11.DumboOctopus.csproj", "{A74F1251-0BD1-4654-BEE7-1499E6C9FE71}"
EndProject
Project("{9A19103F-16F7-4668-BE54-9A1E7A4F7556}") = "Year2021.Day12.PassagePathing", "src\Year2021.Day12.PassagePathing\Year2021.Day12.PassagePathing.csproj", "{0F347BC3-2900-42F8-BB85-1D95B7D61804}"
EndProject
Project("{9A19103F-16F7-4668-BE54-9A1E7A4F7556}") = "Year2021.Day13.TransparentOrigami", "src\Year2021.Day13.TransparentOrigami\Year2021.Day13.TransparentOrigami.csproj", "{B7912706-8FE7-4EE5-A090-845FA18027C5}"
EndProject
Project("{9A19103F-16F7-4668-BE54-9A1E7A4F7556}") = "Year2021.Day14.ExtendedPolymerization", "src\Year2021.Day14.ExtendedPolymerization\Year2021.Day14.ExtendedPolymerization.csproj", "{E68B0529-1380-4BF4-9CA7-FEE9CE02A132}"
EndProject
Project("{9A19103F-16F7-4668-BE54-9A1E7A4F7556}") = "Year2021.Day15.Chiton", "src\Year2021.Day15.Chiton\Year2021.Day15.Chiton.csproj", "{B8BE7756-81AB-4840-8406-5131B9244520}"
EndProject
Project("{9A19103F-16F7-4668-BE54-9A1E7A4F7556}") = "Year2021.Day16.PacketDecoder", "src\Year2021.Day16.PacketDecoder\Year2021.Day16.PacketDecoder.csproj", "{0C40E266-B117-463E-AD0A-E248EB5ADC38}"
EndProject
Project("{9A19103F-16F7-4668-BE54-9A1E7A4F7556}") = "Year2021.Day17.TrickShot", "src\Year2021.Day17.TrickShot\Year2021.Day17.TrickShot.csproj", "{BF0A2656-4B28-43FC-8DEF-59FA3621D1DA}"
EndProject
Project("{9A19103F-16F7-4668-BE54-9A1E7A4F7556}") = "Year2021.Day18.Snailfish", "src\Year2021.Day18.Snailfish\Year2021.Day18.Snailfish.csproj", "{53F30B15-0164-442A-82D8-0E995FC5D029}"
EndProject
Project("{9A19103F-16F7-4668-BE54-9A1E7A4F7556}") = "Year2021.Day19.BeaconScanner", "src\Year2021.Day19.BeaconScanner\Year2021.Day19.BeaconScanner.csproj", "{0F810A3C-FC35-463D-A071-700AA1177374}"
EndProject
Project("{9A19103F-16F7-4668-BE54-9A1E7A4F7556}") = "Year2021.Day20.TrenchMap", "src\Year2021.Day20.TrenchMap\Year2021.Day20.TrenchMap.csproj", "{66AC31FC-8610-4C77-A3F9-DDF27EC6F55E}"
EndProject
Project("{9A19103F-16F7-4668-BE54-9A1E7A4F7556}") = "Year2021.Day21.DiracDice", "src\Year2021.Day21.DiracDice\Year2021.Day21.DiracDice.csproj", "{2443F2A2-4026-4F81-BF98-91BEC1C321C2}"
EndProject
Project("{9A19103F-16F7-4668-BE54-9A1E7A4F7556}") = "Year2021.Day22.ReactorReboot", "src\Year2021.Day22.ReactorReboot\Year2021.Day22.ReactorReboot.csproj", "{C3A6B316-4DA7-4B18-AF75-AC0BE3C28EF7}"
EndProject
Project("{9A19103F-16F7-4668-BE54-9A1E7A4F7556}") = "Year2021.Day23.Amphipod", "src\Year2021.Day23.Amphipod\Year2021.Day23.Amphipod.csproj", "{7ACBEBCF-5022-45E3-9343-22271D2A8723}"
EndProject
Project("{9A19103F-16F7-4668-BE54-9A1E7A4F7556}") = "Year2021.Day24.ArithmeticLogicUnit", "src\Year2021.Day24.ArithmeticLogicUnit\Year2021.Day24.ArithmeticLogicUnit.csproj", "{F4763635-F97D-4155-A129-EA5E78B603C0}"
EndProject
Project("{9A19103F-16F7-4668-BE54-9A1E7A4F7556}") = "Year2021.Day25.SeaCucumber", "src\Year2021.Day25.SeaCucumber\Year2021.Day25.SeaCucumber.csproj", "{39E8ABB9-489B-4141-AA25-44393DA111C7}"
EndProject
Project("{2150E333-8FDC-42A3-9474-1A3956D46DE8}") = "src", "src", "{0D4A60B9-188A-49B1-A533-8D0EADAF916F}"
EndProject
Global
	GlobalSection(SolutionConfigurationPlatforms) = preSolution
		Debug|Any CPU = Debug|Any CPU
		Release|Any CPU = Release|Any CPU
	EndGlobalSection
	GlobalSection(ProjectConfigurationPlatforms) = postSolution
		{6C8FF34D-C289-41C7-9643-505BAE8B7782}.Debug|Any CPU.ActiveCfg = Debug|Any CPU
		{6C8FF34D-C289-41C7-9643-505BAE8B7782}.Debug|Any CPU.Build.0 = Debug|Any CPU
		{6C8FF34D-C289-41C7-9643-505BAE8B7782}.Release|Any CPU.ActiveCfg = Release|Any CPU
		{6C8FF34D-C289-41C7-9643-505BAE8B7782}.Release|Any CPU.Build.0 = Release|Any CPU
		{6A282D6D-196D-432E-9E64-4C915226C4D1}.Debug|Any CPU.ActiveCfg = Debug|Any CPU
		{6A282D6D-196D-432E-9E64-4C915226C4D1}.Debug|Any CPU.Build.0 = Debug|Any CPU
		{6A282D6D-196D-432E-9E64-4C915226C4D1}.Release|Any CPU.ActiveCfg = Release|Any CPU
		{6A282D6D-196D-432E-9E64-4C915226C4D1}.Release|Any CPU.Build.0 = Release|Any CPU
		{FD9A075A-F3D1-4410-BC22-A7EF727D6DF4}.Debug|Any CPU.ActiveCfg = Debug|Any CPU
		{FD9A075A-F3D1-4410-BC22-A7EF727D6DF4}.Debug|Any CPU.Build.0 = Debug|Any CPU
		{FD9A075A-F3D1-4410-BC22-A7EF727D6DF4}.Release|Any CPU.ActiveCfg = Release|Any CPU
		{FD9A075A-F3D1-4410-BC22-A7EF727D6DF4}.Release|Any CPU.Build.0 = Release|Any CPU
		{DA36CD2F-C1EA-4AC7-9FEB-501EB6C5A14C}.Debug|Any CPU.ActiveCfg = Debug|Any CPU
		{DA36CD2F-C1EA-4AC7-9FEB-501EB6C5A14C}.Debug|Any CPU.Build.0 = Debug|Any CPU
		{DA36CD2F-C1EA-4AC7-9FEB-501EB6C5A14C}.Release|Any CPU.ActiveCfg = Release|Any CPU
		{DA36CD2F-C1EA-4AC7-9FEB-501EB6C5A14C}.Release|Any CPU.Build.0 = Release|Any CPU
		{0A003B35-955C-49DA-9621-E5B6A2EA1183}.Debug|Any CPU.ActiveCfg = Debug|Any CPU
		{0A003B35-955C-49DA-9621-E5B6A2EA1183}.Debug|Any CPU.Build.0 = Debug|Any CPU
		{0A003B35-955C-49DA-9621-E5B6A2EA1183}.Release|Any CPU.ActiveCfg = Release|Any CPU
		{0A003B35-955C-49DA-9621-E5B6A2EA1183}.Release|Any CPU.Build.0 = Release|Any CPU
		{42E844BB-6C95-47E4-A92A-3979A62B89A9}.Debug|Any CPU.ActiveCfg = Debug|Any CPU
		{42E844BB-6C95-47E4-A92A-3979A62B89A9}.Debug|Any CPU.Build.0 = Debug|Any CPU
		{42E844BB-6C95-47E4-A92A-3979A62B89A9}.Release|Any CPU.ActiveCfg = Release|Any CPU
		{42E844BB-6C95-47E4-A92A-3979A62B89A9}.Release|Any CPU.Build.0 = Release|Any CPU
		{10E0B6BF-2404-443F-B0F3-0FCCEBFC011B}.Debug|Any CPU.ActiveCfg = Debug|Any CPU
		{10E0B6BF-2404-443F-B0F3-0FCCEBFC011B}.Debug|Any CPU.Build.0 = Debug|Any CPU
		{10E0B6BF-2404-443F-B0F3-0FCCEBFC011B}.Release|Any CPU.ActiveCfg = Release|Any CPU
		{10E0B6BF-2404-443F-B0F3-0FCCEBFC011B}.Release|Any CPU.Build.0 = Release|Any CPU
		{4F4DA692-D4D8-4411-ABC5-A55DC1EC5841}.Debug|Any CPU.ActiveCfg = Debug|Any CPU
		{4F4DA692-D4D8-4411-ABC5-A55DC1EC5841}.Debug|Any CPU.Build.0 = Debug|Any CPU
		{4F4DA692-D4D8-4411-ABC5-A55DC1EC5841}.Release|Any CPU.ActiveCfg = Release|Any CPU
		{4F4DA692-D4D8-4411-ABC5-A55DC1EC5841}.Release|Any CPU.Build.0 = Release|Any CPU
		{50CDDE0E-71A4-4768-BC24-C334AA514843}.Debug|Any CPU.ActiveCfg = Debug|Any CPU
		{50CDDE0E-71A4-4768-BC24-C334AA514843}.Debug|Any CPU.Build.0 = Debug|Any CPU
		{50CDDE0E-71A4-4768-BC24-C334AA514843}.Release|Any CPU.ActiveCfg = Release|Any CPU
		{50CDDE0E-71A4-4768-BC24-C334AA514843}.Release|Any CPU.Build.0 = Release|Any CPU
		{D4E89367-C8CE-482A-B5EA-1979C56E1271}.Debug|Any CPU.ActiveCfg = Debug|Any CPU
		{D4E89367-C8CE-482A-B5EA-1979C56E1271}.Debug|Any CPU.Build.0 = Debug|Any CPU
		{D4E89367-C8CE-482A-B5EA-1979C56E1271}.Release|Any CPU.ActiveCfg = Release|Any CPU
		{D4E89367-C8CE-482A-B5EA-1979C56E1271}.Release|Any CPU.Build.0 = Release|Any CPU
		{A74F1251-0BD1-4654-BEE7-1499E6C9FE71}.Debug|Any CPU.ActiveCfg = Debug|Any CPU
		{A74F1251-0BD1-4654-BEE7-1499E6C9FE71}.Debug|Any CPU.Build.0 = Debug|Any CPU
		{A74F1251-0BD1-4654-BEE7-1499E6C9FE71}.Release|Any CPU.ActiveCfg = Release|Any CPU
		{A74F1251-0BD1-4654-BEE7-1499E6C9FE71}.Release|Any CPU.Build.0 = Release|Any CPU
		{0F347BC3-2900-42F8-BB85-1D95B7D61804}.Debug|Any CPU.ActiveCfg = Debug|Any CPU
		{0F347BC3-2900-42F8-BB85-1D95B7D61804}.Debug|Any CPU.Build.0 = Debug|Any CPU
		{0F347BC3-2900-42F8-BB85-1D95B7D61804}.Release|Any CPU.ActiveCfg = Release|Any CPU
		{0F347BC3-2900-42F8-BB85-1D95B7D61804}.Release|Any CPU.Build.0 = Release|Any CPU
		{B7912706-8FE7-4EE5-A090-845FA18027C5}.Debug|Any CPU.ActiveCfg = Debug|Any CPU
		{B7912706-8FE7-4EE5-A090-845FA18027C5}.Debug|Any CPU.Build.0 = Debug|Any CPU
		{B7912706-8FE7-4EE5-A090-845FA18027C5}.Release|Any CPU.ActiveCfg = Release|Any CPU
		{B7912706-8FE7-4EE5-A090-845FA18027C5}.Release|Any CPU.Build.0 = Release|Any CPU
		{E68B0529-1380-4BF4-9CA7-FEE9CE02A132}.Debug|Any CPU.ActiveCfg = Debug|Any CPU
		{E68B0529-1380-4BF4-9CA7-FEE9CE02A132}.Debug|Any CPU.Build.0 = Debug|Any CPU
		{E68B0529-1380-4BF4-9CA7-FEE9CE02A132}.Release|Any CPU.ActiveCfg = Release|Any CPU
		{E68B0529-1380-4BF4-9CA7-FEE9CE02A132}.Release|Any CPU.Build.0 = Release|Any CPU
		{B8BE7756-81AB-4840-8406-5131B9244520}.Debug|Any CPU.ActiveCfg = Debug|Any CPU
		{B8BE7756-81AB-4840-8406-5131B9244520}.Debug|Any CPU.Build.0 = Debug|Any CPU
		{B8BE7756-81AB-4840-8406-5131B9244520}.Release|Any CPU.ActiveCfg = Release|Any CPU
		{B8BE7756-81AB-4840-8406-5131B9244520}.Release|Any CPU.Build.0 = Release|Any CPU
		{0C40E266-B117-463E-AD0A-E248EB5ADC38}.Debug|Any CPU.ActiveCfg = Debug|Any CPU
		{0C40E266-B117-463E-AD0A-E248EB5ADC38}.Debug|Any CPU.Build.0 = Debug|Any CPU
		{0C40E266-B117-463E-AD0A-E248EB5ADC38}.Release|Any CPU.ActiveCfg = Release|Any CPU
		{0C40E266-B117-463E-AD0A-E248EB5ADC38}.Release|Any CPU.Build.0 = Release|Any CPU
		{BF0A2656-4B28-43FC-8DEF-59FA3621D1DA}.Debug|Any CPU.ActiveCfg = Debug|Any CPU
		{BF0A2656-4B28-43FC-8DEF-59FA3621D1DA}.Debug|Any CPU.Build.0 = Debug|Any CPU
		{BF0A2656-4B28-43FC-8DEF-59FA3621D1DA}.Release|Any CPU.ActiveCfg = Release|Any CPU
		{BF0A2656-4B28-43FC-8DEF-59FA3621D1DA}.Release|Any CPU.Build.0 = Release|Any CPU
		{53F30B15-0164-442A-82D8-0E995FC5D029}.Debug|Any CPU.ActiveCfg = Debug|Any CPU
		{53F30B15-0164-442A-82D8-0E995FC5D029}.Debug|Any CPU.Build.0 = Debug|Any CPU
		{53F30B15-0164-442A-82D8-0E995FC5D029}.Release|Any CPU.ActiveCfg = Release|Any CPU
		{53F30B15-0164-442A-82D8-0E995FC5D029}.Release|Any CPU.Build.0 = Release|Any CPU
		{0F810A3C-FC35-463D-A071-700AA1177374}.Debug|Any CPU.ActiveCfg = Debug|Any CPU
		{0F810A3C-FC35-463D-A071-700AA1177374}.Debug|Any CPU.Build.0 = Debug|Any CPU
		{0F810A3C-FC35-463D-A071-700AA1177374}.Release|Any CPU.ActiveCfg = Release|Any CPU
		{0F810A3C-FC35-463D-A071-700AA1177374}.Release|Any CPU.Build.0 = Release|Any CPU
		{66AC31FC-8610-4C77-A3F9-DDF27EC6F55E}.Debug|Any CPU.ActiveCfg = Debug|Any CPU
		{66AC31FC-8610-4C77-A3F9-DDF27EC6F55E}.Debug|Any CPU.Build.0 = Debug|Any CPU
		{66AC31FC-8610-4C77-A3F9-DDF27EC6F55E}.Release|Any CPU.ActiveCfg = Release|Any CPU
		{66AC31FC-8610-4C77-A3F9-DDF27EC6F55E}.Release|Any CPU.Build.0 = Release|Any CPU
		{2443F2A2-4026-4F81-BF98-91BEC1C321C2}.Debug|Any CPU.ActiveCfg = Debug|Any CPU
		{2443F2A2-4026-4F81-BF98-91BEC1C321C2}.Debug|Any CPU.Build.0 = Debug|Any CPU
		{2443F2A2-4026-4F81-BF98-91BEC1C321C2}.Release|Any CPU.ActiveCfg = Release|Any CPU
		{2443F2A2-4026-4F81-BF98-91BEC1C321C2}.Release|Any CPU.Build.0 = Release|Any CPU
		{C3A6B316-4DA7-4B18-AF75-AC0BE3C28EF7}.Debug|Any CPU.ActiveCfg = Debug|Any CPU
		{C3A6B316-4DA7-4B18-AF75-AC0BE3C28EF7}.Debug|Any CPU.Build.0 = Debug|Any CPU
		{C3A6B316-4DA7-4B18-AF75-AC0BE3C28EF7}.Release|Any CPU.ActiveCfg = Release|Any CPU
		{C3A6B316-4DA7-4B18-AF75-AC0BE3C28EF7}.Release|Any CPU.Build.0 = Release|Any CPU
		{7ACBEBCF-5022-45E3-9343-22271D2A8723}.Debug|Any CPU.ActiveCfg = Debug|Any CPU
		{7ACBEBCF-5022-45E3-9343-22271D2A8723}.Debug|Any CPU.Build.0 = Debug|Any CPU
		{7ACBEBCF-5022-45E3-9343-22271D2A8723}.Release|Any CPU.ActiveCfg = Release|Any CPU
		{7ACBEBCF-5022-45E3-9343-22271D2A8723}.Release|Any CPU.Build.0 = Release|Any CPU
		{F4763635-F97D-4155-A129-EA5E78B603C0}.Debug|Any CPU.ActiveCfg = Debug|Any CPU
		{F4763635-F97D-4155-A129-EA5E78B603C0}.Debug|Any CPU.Build.0 = Debug|Any CPU
		{F4763635-F97D-4155-A129-EA5E78B603C0}.Release|Any CPU.ActiveCfg = Release|Any CPU
		{F4763635-F97D-4155-A129-EA5E78B603C0}.Release|Any CPU.Build.0 = Release|Any CPU
		{39E8ABB9-489B-4141-AA25-44393DA111C7}.Debug|Any CPU.ActiveCfg = Debug|Any CPU
		{39E8ABB9-489B-4141-AA25-44393DA111C7}.Debug|Any CPU.Build.0 = Debug|Any CPU
		{39E8ABB9-489B-4141-AA25-44393DA111C7}.Release|Any CPU.ActiveCfg = Release|Any CPU
		{39E8ABB9-489B-4141-AA25-44393DA111C7}.Release|Any CPU.Build.0 = Release|Any CPU
	EndGlobalSection
	GlobalSection(SolutionProperties) = preSolution
		HideSolutionNode = FALSE
	EndGlobalSection
	GlobalSection(NestedProjects) = preSolution
		{6C8FF34D-C289-41C7-9643-505BAE8B7782} = {0D4A60B9-188A-49B1-A533-8D0EADAF916F}
		{6A282D6D-196D-432E-9E64-4C915226C4D1} = {0D4A60B9-188A-49B1-A533-8D0EADAF916F}
		{FD9A075A-F3D1-4410-BC22-A7EF727D6DF4} = {0D4A60B9-188A-49B1-A533-8D0EADAF916F}
		{DA36CD2F-C1EA-4AC7-9FEB-501EB6C5A14C} = {0D4A60B9-188A-49B1-A533-8D0EADAF916F}
		{0A003B35-955C-49DA-9621-E5B6A2EA1183} = {0D4A60B9-188A-49B1-A533-8D0EADAF916F}
		{42E844BB-6C95-47E4-A92A-3979A62B89A9} = {0D4A60B9-188A-49B1-A533-8D0EADAF916F}
		{10E0B6BF-2404-443F-B0F3-0FCCEBFC011B} = {0D4A60B9-188A-49B1-A533-8D0EADAF916F}
		{4F4DA692-D4D8-4411-ABC5-A55DC1EC5841} = {0D4A60B9-188A-49B1-A533-8D0EADAF916F}
		{50CDDE0E-71A4-4768-BC24-C334AA514843} = {0D4A60B9-188A-49B1-A533-8D0EADAF916F}
		{D4E89367-C8CE-482A-B5EA-1979C56E1271} = {0D4A60B9-188A-49B1-A533-8D0EADAF916F}
		{A74F1251-0BD1-4654-BEE7-1499E6C9FE71} = {0D4A60B9-188A-49B1-A533-8D0EADAF916F}
		{0F347BC3-2900-42F8-BB85-1D95B7D61804} = {0D4A60B9-188A-49B1-A533-8D0EADAF916F}
		{B7912706-8FE7-4EE5-A090-845FA18027C5} = {0D4A60B9-188A-49B1-A533-8D0EADAF916F}
		{E68B0529-1380-4BF4-9CA7-FEE9CE02A132} = {0D4A60B9-188A-49B1-A533-8D0EADAF916F}
		{B8BE7756-81AB-4840-8406-5131B9244520} = {0D4A60B9-188A-49B1-A533-8D0EADAF916F}
		{0C40E266-B117-463E-AD0A-E248EB5ADC38} = {0D4A60B9-188A-49B1-A533-8D0EADAF916F}
		{BF0A2656-4B28-43FC-8DEF-59FA3621D1DA} = {0D4A60B9-188A-49B1-A533-8D0EADAF916F}
		{53F30B15-0164-442A-82D8-0E995FC5D029} = {0D4A60B9-188A-49B1-A533-8D0EADAF916F}
		{0F810A3C-FC35-463D-A071-700AA1177374} = {0D4A60B9-188A-49B1-A533-8D0EADAF916F}
		{66AC31FC-8610-4C77-A3F9-DDF27EC6F55E} = {0D4A60B9-188A-49B1-A533-8D0EADAF916F}
		{2443F2A2-4026-4F81-BF98-91BEC1C321C2} = {0D4A60B9-188A-49B1-A533-8D0EADAF916F}
		{C3A6B316-4DA7-4B18-AF75-AC0BE3C28EF7} = {0D4A60B9-188A-49B1-A533-8D0EADAF916F}
		{7ACBEBCF-5022-45E3-9343-22271D2A8723} = {0D4A60B9-188A-49B1-A533-8D0EADAF916F}
		{F4763635-F97D-4155-A129-EA5E78B603C0} = {0D4A60B9-188A-49B1-A533-8D0EADAF916F}
		{39E8ABB9-489B-4141-AA25-44393DA111C7} = {0D4A60B9-188A-49B1-A533-8D0EADAF916F}
	EndGlobalSection
	GlobalSection(ExtensibilityGlobals) = postSolution
		SolutionGuid = {B07C0FC8-AC4E-487D-AC8D-BDCC6AFF1D0C}
	EndGlobalSection
EndGlobal
