
Microsoft Visual Studio Solution File, Format Version 12.00
Project("{FAE04EC0-301F-11D3-BF4B-00C04F79EFBC}") = "_08_resonant_collinearity", "_08_resonant_collinearity\_08_resonant_collinearity.csproj", "{08B0A461-A42C-4DA3-8EAA-BA855511D6FF}"
EndProject
Global
	GlobalSection(SolutionConfigurationPlatforms) = preSolution
		Debug|Any CPU = Debug|Any CPU
		Release|Any CPU = Release|Any CPU
	EndGlobalSection
	GlobalSection(ProjectConfigurationPlatforms) = postSolution
		{08B0A461-A42C-4DA3-8EAA-BA855511D6FF}.Debug|Any CPU.ActiveCfg = Debug|Any CPU
		{08B0A461-A42C-4DA3-8EAA-BA855511D6FF}.Debug|Any CPU.Build.0 = Debug|Any CPU
		{08B0A461-A42C-4DA3-8EAA-BA855511D6FF}.Release|Any CPU.ActiveCfg = Release|Any CPU
		{08B0A461-A42C-4DA3-8EAA-BA855511D6FF}.Release|Any CPU.Build.0 = Release|Any CPU
	EndGlobalSection
EndGlobal
