
Microsoft Visual Studio Solution File, Format Version 12.00
Project("{2150E333-8FDC-42A3-9474-1A3956D46DE8}") = "_Solution items", "_Solution items", "{A25E6BD1-7CD5-4440-B84E-4384B767E6E6}"
	ProjectSection(SolutionItems) = preProject
		..\.editorconfig = ..\.editorconfig
		..\Directory.Build.props = ..\Directory.Build.props
	EndProjectSection
EndProject
Project("{FAE04EC0-301F-11D3-BF4B-00C04F79EFBC}") = "AccesoTerminal", "AccesoTerminal\AccesoTerminal.csproj", "{80F9AC5A-48D7-42D5-BCB8-E472522DC7DB}"
EndProject
Global
	GlobalSection(SolutionConfigurationPlatforms) = preSolution
		Debug|Any CPU = Debug|Any CPU
		Release|Any CPU = Release|Any CPU
	EndGlobalSection
	GlobalSection(ProjectConfigurationPlatforms) = postSolution
		{80F9AC5A-48D7-42D5-BCB8-E472522DC7DB}.Debug|Any CPU.ActiveCfg = Debug|Any CPU
		{80F9AC5A-48D7-42D5-BCB8-E472522DC7DB}.Debug|Any CPU.Build.0 = Debug|Any CPU
		{80F9AC5A-48D7-42D5-BCB8-E472522DC7DB}.Release|Any CPU.ActiveCfg = Release|Any CPU
		{80F9AC5A-48D7-42D5-BCB8-E472522DC7DB}.Release|Any CPU.Build.0 = Release|Any CPU
	EndGlobalSection
EndGlobal
