
Microsoft Visual Studio Solution File, Format Version 12.00
# Visual Studio Version 17
VisualStudioVersion = 17.0.32112.339
MinimumVisualStudioVersion = 10.0.40219.1
Project("{9A19103F-16F7-4668-BE54-9A1E7A4F7556}") = "Year2020.Day01.ReportRepair", "src\Year2020.Day01.ReportRepair\Year2020.Day01.ReportRepair.csproj", "{EE1614D3-0F3F-4B0C-93AF-66A348E2843B}"
EndProject
Project("{9A19103F-16F7-4668-BE54-9A1E7A4F7556}") = "Year2020.Day02.PasswordPhilosophy", "src\Year2020.Day02.PasswordPhilosophy\Year2020.Day02.PasswordPhilosophy.csproj", "{E13ED831-731C-402F-90E4-274B03D365DD}"
EndProject
Project("{9A19103F-16F7-4668-BE54-9A1E7A4F7556}") = "Year2020.Day03.TobogganTrajectory", "src\Year2020.Day03.TobogganTrajectory\Year2020.Day03.TobogganTrajectory.csproj", "{F29622DE-9BAF-4645-83CB-E4223420CA7C}"
EndProject
Project("{9A19103F-16F7-4668-BE54-9A1E7A4F7556}") = "Year2020.Day04.PassportProcessing", "src\Year2020.Day04.PassportProcessing\Year2020.Day04.PassportProcessing.csproj", "{F9F81904-1AAF-4EA5-9E3C-F6D839EF5F50}"
EndProject
Project("{9A19103F-16F7-4668-BE54-9A1E7A4F7556}") = "Year2020.Day05.BinaryBoarding", "src\Year2020.Day05.BinaryBoarding\Year2020.Day05.BinaryBoarding.csproj", "{21A03E71-3543-4001-A2E6-9F97E5D449FE}"
EndProject
Project("{9A19103F-16F7-4668-BE54-9A1E7A4F7556}") = "Year2020.Day06.CustomCustoms", "src\Year2020.Day06.CustomCustoms\Year2020.Day06.CustomCustoms.csproj", "{489DA5EF-2ECE-4CB5-8277-574D11B6778F}"
EndProject
Project("{9A19103F-16F7-4668-BE54-9A1E7A4F7556}") = "Year2020.Day07.HandyHaversacks", "src\Year2020.Day07.HandyHaversacks\Year2020.Day07.HandyHaversacks.csproj", "{3614A79F-D59F-4441-9843-D899F7B467BC}"
EndProject
Project("{9A19103F-16F7-4668-BE54-9A1E7A4F7556}") = "Year2020.Day08.HandheldHalting", "src\Year2020.Day08.HandheldHalting\Year2020.Day08.HandheldHalting.csproj", "{D4A21D9E-0BED-46EA-A2B4-AB230DCCC437}"
EndProject
Project("{9A19103F-16F7-4668-BE54-9A1E7A4F7556}") = "Year2020.Day09.EncodingError", "src\Year2020.Day09.EncodingError\Year2020.Day09.EncodingError.csproj", "{6503387E-12DE-42F8-8201-22A871972A62}"
EndProject
Project("{9A19103F-16F7-4668-BE54-9A1E7A4F7556}") = "Year2020.Day10.AdapterArray", "src\Year2020.Day10.AdapterArray\Year2020.Day10.AdapterArray.csproj", "{45B19591-EDFA-483C-9FAB-D03680B720BE}"
EndProject
Project("{9A19103F-16F7-4668-BE54-9A1E7A4F7556}") = "Year2020.Day11.SeatingSystem", "src\Year2020.Day11.SeatingSystem\Year2020.Day11.SeatingSystem.csproj", "{A5648666-0D94-4AB0-9064-ADBD3909F734}"
EndProject
Project("{9A19103F-16F7-4668-BE54-9A1E7A4F7556}") = "Year2020.Day12.RainRisk", "src\Year2020.Day12.RainRisk\Year2020.Day12.RainRisk.csproj", "{0AC1D95B-72A4-4BDA-B51C-5BA20B64D920}"
EndProject
Project("{9A19103F-16F7-4668-BE54-9A1E7A4F7556}") = "Year2020.Day13.ShuttleSearch", "src\Year2020.Day13.ShuttleSearch\Year2020.Day13.ShuttleSearch.csproj", "{37A0A39A-524B-47EE-9995-63B5A56961D4}"
EndProject
Project("{9A19103F-16F7-4668-BE54-9A1E7A4F7556}") = "Year2020.Day14.DockingData", "src\Year2020.Day14.DockingData\Year2020.Day14.DockingData.csproj", "{44E92C9E-A195-4C4E-8875-759AE2B5ABAF}"
EndProject
Project("{9A19103F-16F7-4668-BE54-9A1E7A4F7556}") = "Year2020.Day15.RambunctiousRecitation", "src\Year2020.Day15.RambunctiousRecitation\Year2020.Day15.RambunctiousRecitation.csproj", "{EB845AC0-26C4-422F-ABE4-8FDCB5A3D3F8}"
EndProject
Project("{9A19103F-16F7-4668-BE54-9A1E7A4F7556}") = "Year2020.Day16.TicketTranslation", "src\Year2020.Day16.TicketTranslation\Year2020.Day16.TicketTranslation.csproj", "{549C2622-D1C6-4617-8909-9EADDB414460}"
EndProject
Project("{9A19103F-16F7-4668-BE54-9A1E7A4F7556}") = "Year2020.Day17.ConwayCubes", "src\Year2020.Day17.ConwayCubes\Year2020.Day17.ConwayCubes.csproj", "{C8BC2513-F395-4E96-899B-064B19BD18AB}"
EndProject
Project("{9A19103F-16F7-4668-BE54-9A1E7A4F7556}") = "Year2020.Day18.OperationOrder", "src\Year2020.Day18.OperationOrder\Year2020.Day18.OperationOrder.csproj", "{5FC36CE5-59D1-4B15-83EA-A489564694EE}"
EndProject
Project("{9A19103F-16F7-4668-BE54-9A1E7A4F7556}") = "Year2020.Day19.MonsterMessages", "src\Year2020.Day19.MonsterMessages\Year2020.Day19.MonsterMessages.csproj", "{B817F01B-ED13-4985-BF6A-513C95E0766E}"
EndProject
Project("{9A19103F-16F7-4668-BE54-9A1E7A4F7556}") = "Year2020.Day20.JurassicJigsaw", "src\Year2020.Day20.JurassicJigsaw\Year2020.Day20.JurassicJigsaw.csproj", "{65CF5FC1-4983-4144-8E46-06BCC83D5617}"
EndProject
Project("{9A19103F-16F7-4668-BE54-9A1E7A4F7556}") = "Year2020.Day21.AllergenAssessment", "src\Year2020.Day21.AllergenAssessment\Year2020.Day21.AllergenAssessment.csproj", "{94754F63-4F1A-4B3E-9E01-B7DC4EF2048E}"
EndProject
Project("{9A19103F-16F7-4668-BE54-9A1E7A4F7556}") = "Year2020.Day22.CrabCombat", "src\Year2020.Day22.CrabCombat\Year2020.Day22.CrabCombat.csproj", "{4D6BAEC2-BF7B-4C8D-81C4-39C72E4B59B9}"
EndProject
Project("{9A19103F-16F7-4668-BE54-9A1E7A4F7556}") = "Year2020.Day23.CrabCups", "src\Year2020.Day23.CrabCups\Year2020.Day23.CrabCups.csproj", "{E7991C40-6B11-481A-843D-1BCEB3FF563B}"
EndProject
Project("{9A19103F-16F7-4668-BE54-9A1E7A4F7556}") = "Year2020.Day24.LobbyLayout", "src\Year2020.Day24.LobbyLayout\Year2020.Day24.LobbyLayout.csproj", "{8CB9EAB8-EDCC-47A4-957C-AEA45A27D043}"
EndProject
Project("{9A19103F-16F7-4668-BE54-9A1E7A4F7556}") = "Year2020.Day25.ComboBreaker", "src\Year2020.Day25.ComboBreaker\Year2020.Day25.ComboBreaker.csproj", "{A9F96FC5-DC9C-4073-96D7-720B5430448C}"
EndProject
Project("{2150E333-8FDC-42A3-9474-1A3956D46DE8}") = "src", "src", "{CE9C8084-3229-42C2-B885-8D37AE0BE8FA}"
EndProject
Global
	GlobalSection(SolutionConfigurationPlatforms) = preSolution
		Debug|Any CPU = Debug|Any CPU
		Release|Any CPU = Release|Any CPU
	EndGlobalSection
	GlobalSection(ProjectConfigurationPlatforms) = postSolution
		{EE1614D3-0F3F-4B0C-93AF-66A348E2843B}.Debug|Any CPU.ActiveCfg = Debug|Any CPU
		{EE1614D3-0F3F-4B0C-93AF-66A348E2843B}.Debug|Any CPU.Build.0 = Debug|Any CPU
		{EE1614D3-0F3F-4B0C-93AF-66A348E2843B}.Release|Any CPU.ActiveCfg = Release|Any CPU
		{EE1614D3-0F3F-4B0C-93AF-66A348E2843B}.Release|Any CPU.Build.0 = Release|Any CPU
		{E13ED831-731C-402F-90E4-274B03D365DD}.Debug|Any CPU.ActiveCfg = Debug|Any CPU
		{E13ED831-731C-402F-90E4-274B03D365DD}.Debug|Any CPU.Build.0 = Debug|Any CPU
		{E13ED831-731C-402F-90E4-274B03D365DD}.Release|Any CPU.ActiveCfg = Release|Any CPU
		{E13ED831-731C-402F-90E4-274B03D365DD}.Release|Any CPU.Build.0 = Release|Any CPU
		{F29622DE-9BAF-4645-83CB-E4223420CA7C}.Debug|Any CPU.ActiveCfg = Debug|Any CPU
		{F29622DE-9BAF-4645-83CB-E4223420CA7C}.Debug|Any CPU.Build.0 = Debug|Any CPU
		{F29622DE-9BAF-4645-83CB-E4223420CA7C}.Release|Any CPU.ActiveCfg = Release|Any CPU
		{F29622DE-9BAF-4645-83CB-E4223420CA7C}.Release|Any CPU.Build.0 = Release|Any CPU
		{F9F81904-1AAF-4EA5-9E3C-F6D839EF5F50}.Debug|Any CPU.ActiveCfg = Debug|Any CPU
		{F9F81904-1AAF-4EA5-9E3C-F6D839EF5F50}.Debug|Any CPU.Build.0 = Debug|Any CPU
		{F9F81904-1AAF-4EA5-9E3C-F6D839EF5F50}.Release|Any CPU.ActiveCfg = Release|Any CPU
		{F9F81904-1AAF-4EA5-9E3C-F6D839EF5F50}.Release|Any CPU.Build.0 = Release|Any CPU
		{21A03E71-3543-4001-A2E6-9F97E5D449FE}.Debug|Any CPU.ActiveCfg = Debug|Any CPU
		{21A03E71-3543-4001-A2E6-9F97E5D449FE}.Debug|Any CPU.Build.0 = Debug|Any CPU
		{21A03E71-3543-4001-A2E6-9F97E5D449FE}.Release|Any CPU.ActiveCfg = Release|Any CPU
		{21A03E71-3543-4001-A2E6-9F97E5D449FE}.Release|Any CPU.Build.0 = Release|Any CPU
		{489DA5EF-2ECE-4CB5-8277-574D11B6778F}.Debug|Any CPU.ActiveCfg = Debug|Any CPU
		{489DA5EF-2ECE-4CB5-8277-574D11B6778F}.Debug|Any CPU.Build.0 = Debug|Any CPU
		{489DA5EF-2ECE-4CB5-8277-574D11B6778F}.Release|Any CPU.ActiveCfg = Release|Any CPU
		{489DA5EF-2ECE-4CB5-8277-574D11B6778F}.Release|Any CPU.Build.0 = Release|Any CPU
		{3614A79F-D59F-4441-9843-D899F7B467BC}.Debug|Any CPU.ActiveCfg = Debug|Any CPU
		{3614A79F-D59F-4441-9843-D899F7B467BC}.Debug|Any CPU.Build.0 = Debug|Any CPU
		{3614A79F-D59F-4441-9843-D899F7B467BC}.Release|Any CPU.ActiveCfg = Release|Any CPU
		{3614A79F-D59F-4441-9843-D899F7B467BC}.Release|Any CPU.Build.0 = Release|Any CPU
		{D4A21D9E-0BED-46EA-A2B4-AB230DCCC437}.Debug|Any CPU.ActiveCfg = Debug|Any CPU
		{D4A21D9E-0BED-46EA-A2B4-AB230DCCC437}.Debug|Any CPU.Build.0 = Debug|Any CPU
		{D4A21D9E-0BED-46EA-A2B4-AB230DCCC437}.Release|Any CPU.ActiveCfg = Release|Any CPU
		{D4A21D9E-0BED-46EA-A2B4-AB230DCCC437}.Release|Any CPU.Build.0 = Release|Any CPU
		{6503387E-12DE-42F8-8201-22A871972A62}.Debug|Any CPU.ActiveCfg = Debug|Any CPU
		{6503387E-12DE-42F8-8201-22A871972A62}.Debug|Any CPU.Build.0 = Debug|Any CPU
		{6503387E-12DE-42F8-8201-22A871972A62}.Release|Any CPU.ActiveCfg = Release|Any CPU
		{6503387E-12DE-42F8-8201-22A871972A62}.Release|Any CPU.Build.0 = Release|Any CPU
		{45B19591-EDFA-483C-9FAB-D03680B720BE}.Debug|Any CPU.ActiveCfg = Debug|Any CPU
		{45B19591-EDFA-483C-9FAB-D03680B720BE}.Debug|Any CPU.Build.0 = Debug|Any CPU
		{45B19591-EDFA-483C-9FAB-D03680B720BE}.Release|Any CPU.ActiveCfg = Release|Any CPU
		{45B19591-EDFA-483C-9FAB-D03680B720BE}.Release|Any CPU.Build.0 = Release|Any CPU
		{A5648666-0D94-4AB0-9064-ADBD3909F734}.Debug|Any CPU.ActiveCfg = Debug|Any CPU
		{A5648666-0D94-4AB0-9064-ADBD3909F734}.Debug|Any CPU.Build.0 = Debug|Any CPU
		{A5648666-0D94-4AB0-9064-ADBD3909F734}.Release|Any CPU.ActiveCfg = Release|Any CPU
		{A5648666-0D94-4AB0-9064-ADBD3909F734}.Release|Any CPU.Build.0 = Release|Any CPU
		{0AC1D95B-72A4-4BDA-B51C-5BA20B64D920}.Debug|Any CPU.ActiveCfg = Debug|Any CPU
		{0AC1D95B-72A4-4BDA-B51C-5BA20B64D920}.Debug|Any CPU.Build.0 = Debug|Any CPU
		{0AC1D95B-72A4-4BDA-B51C-5BA20B64D920}.Release|Any CPU.ActiveCfg = Release|Any CPU
		{0AC1D95B-72A4-4BDA-B51C-5BA20B64D920}.Release|Any CPU.Build.0 = Release|Any CPU
		{37A0A39A-524B-47EE-9995-63B5A56961D4}.Debug|Any CPU.ActiveCfg = Debug|Any CPU
		{37A0A39A-524B-47EE-9995-63B5A56961D4}.Debug|Any CPU.Build.0 = Debug|Any CPU
		{37A0A39A-524B-47EE-9995-63B5A56961D4}.Release|Any CPU.ActiveCfg = Release|Any CPU
		{37A0A39A-524B-47EE-9995-63B5A56961D4}.Release|Any CPU.Build.0 = Release|Any CPU
		{44E92C9E-A195-4C4E-8875-759AE2B5ABAF}.Debug|Any CPU.ActiveCfg = Debug|Any CPU
		{44E92C9E-A195-4C4E-8875-759AE2B5ABAF}.Debug|Any CPU.Build.0 = Debug|Any CPU
		{44E92C9E-A195-4C4E-8875-759AE2B5ABAF}.Release|Any CPU.ActiveCfg = Release|Any CPU
		{44E92C9E-A195-4C4E-8875-759AE2B5ABAF}.Release|Any CPU.Build.0 = Release|Any CPU
		{EB845AC0-26C4-422F-ABE4-8FDCB5A3D3F8}.Debug|Any CPU.ActiveCfg = Debug|Any CPU
		{EB845AC0-26C4-422F-ABE4-8FDCB5A3D3F8}.Debug|Any CPU.Build.0 = Debug|Any CPU
		{EB845AC0-26C4-422F-ABE4-8FDCB5A3D3F8}.Release|Any CPU.ActiveCfg = Release|Any CPU
		{EB845AC0-26C4-422F-ABE4-8FDCB5A3D3F8}.Release|Any CPU.Build.0 = Release|Any CPU
		{549C2622-D1C6-4617-8909-9EADDB414460}.Debug|Any CPU.ActiveCfg = Debug|Any CPU
		{549C2622-D1C6-4617-8909-9EADDB414460}.Debug|Any CPU.Build.0 = Debug|Any CPU
		{549C2622-D1C6-4617-8909-9EADDB414460}.Release|Any CPU.ActiveCfg = Release|Any CPU
		{549C2622-D1C6-4617-8909-9EADDB414460}.Release|Any CPU.Build.0 = Release|Any CPU
		{C8BC2513-F395-4E96-899B-064B19BD18AB}.Debug|Any CPU.ActiveCfg = Debug|Any CPU
		{C8BC2513-F395-4E96-899B-064B19BD18AB}.Debug|Any CPU.Build.0 = Debug|Any CPU
		{C8BC2513-F395-4E96-899B-064B19BD18AB}.Release|Any CPU.ActiveCfg = Release|Any CPU
		{C8BC2513-F395-4E96-899B-064B19BD18AB}.Release|Any CPU.Build.0 = Release|Any CPU
		{5FC36CE5-59D1-4B15-83EA-A489564694EE}.Debug|Any CPU.ActiveCfg = Debug|Any CPU
		{5FC36CE5-59D1-4B15-83EA-A489564694EE}.Debug|Any CPU.Build.0 = Debug|Any CPU
		{5FC36CE5-59D1-4B15-83EA-A489564694EE}.Release|Any CPU.ActiveCfg = Release|Any CPU
		{5FC36CE5-59D1-4B15-83EA-A489564694EE}.Release|Any CPU.Build.0 = Release|Any CPU
		{B817F01B-ED13-4985-BF6A-513C95E0766E}.Debug|Any CPU.ActiveCfg = Debug|Any CPU
		{B817F01B-ED13-4985-BF6A-513C95E0766E}.Debug|Any CPU.Build.0 = Debug|Any CPU
		{B817F01B-ED13-4985-BF6A-513C95E0766E}.Release|Any CPU.ActiveCfg = Release|Any CPU
		{B817F01B-ED13-4985-BF6A-513C95E0766E}.Release|Any CPU.Build.0 = Release|Any CPU
		{65CF5FC1-4983-4144-8E46-06BCC83D5617}.Debug|Any CPU.ActiveCfg = Debug|Any CPU
		{65CF5FC1-4983-4144-8E46-06BCC83D5617}.Debug|Any CPU.Build.0 = Debug|Any CPU
		{65CF5FC1-4983-4144-8E46-06BCC83D5617}.Release|Any CPU.ActiveCfg = Release|Any CPU
		{65CF5FC1-4983-4144-8E46-06BCC83D5617}.Release|Any CPU.Build.0 = Release|Any CPU
		{94754F63-4F1A-4B3E-9E01-B7DC4EF2048E}.Debug|Any CPU.ActiveCfg = Debug|Any CPU
		{94754F63-4F1A-4B3E-9E01-B7DC4EF2048E}.Debug|Any CPU.Build.0 = Debug|Any CPU
		{94754F63-4F1A-4B3E-9E01-B7DC4EF2048E}.Release|Any CPU.ActiveCfg = Release|Any CPU
		{94754F63-4F1A-4B3E-9E01-B7DC4EF2048E}.Release|Any CPU.Build.0 = Release|Any CPU
		{4D6BAEC2-BF7B-4C8D-81C4-39C72E4B59B9}.Debug|Any CPU.ActiveCfg = Debug|Any CPU
		{4D6BAEC2-BF7B-4C8D-81C4-39C72E4B59B9}.Debug|Any CPU.Build.0 = Debug|Any CPU
		{4D6BAEC2-BF7B-4C8D-81C4-39C72E4B59B9}.Release|Any CPU.ActiveCfg = Release|Any CPU
		{4D6BAEC2-BF7B-4C8D-81C4-39C72E4B59B9}.Release|Any CPU.Build.0 = Release|Any CPU
		{E7991C40-6B11-481A-843D-1BCEB3FF563B}.Debug|Any CPU.ActiveCfg = Debug|Any CPU
		{E7991C40-6B11-481A-843D-1BCEB3FF563B}.Debug|Any CPU.Build.0 = Debug|Any CPU
		{E7991C40-6B11-481A-843D-1BCEB3FF563B}.Release|Any CPU.ActiveCfg = Release|Any CPU
		{E7991C40-6B11-481A-843D-1BCEB3FF563B}.Release|Any CPU.Build.0 = Release|Any CPU
		{8CB9EAB8-EDCC-47A4-957C-AEA45A27D043}.Debug|Any CPU.ActiveCfg = Debug|Any CPU
		{8CB9EAB8-EDCC-47A4-957C-AEA45A27D043}.Debug|Any CPU.Build.0 = Debug|Any CPU
		{8CB9EAB8-EDCC-47A4-957C-AEA45A27D043}.Release|Any CPU.ActiveCfg = Release|Any CPU
		{8CB9EAB8-EDCC-47A4-957C-AEA45A27D043}.Release|Any CPU.Build.0 = Release|Any CPU
		{A9F96FC5-DC9C-4073-96D7-720B5430448C}.Debug|Any CPU.ActiveCfg = Debug|Any CPU
		{A9F96FC5-DC9C-4073-96D7-720B5430448C}.Debug|Any CPU.Build.0 = Debug|Any CPU
		{A9F96FC5-DC9C-4073-96D7-720B5430448C}.Release|Any CPU.ActiveCfg = Release|Any CPU
		{A9F96FC5-DC9C-4073-96D7-720B5430448C}.Release|Any CPU.Build.0 = Release|Any CPU
	EndGlobalSection
	GlobalSection(SolutionProperties) = preSolution
		HideSolutionNode = FALSE
	EndGlobalSection
	GlobalSection(NestedProjects) = preSolution
		{EE1614D3-0F3F-4B0C-93AF-66A348E2843B} = {CE9C8084-3229-42C2-B885-8D37AE0BE8FA}
		{E13ED831-731C-402F-90E4-274B03D365DD} = {CE9C8084-3229-42C2-B885-8D37AE0BE8FA}
		{F29622DE-9BAF-4645-83CB-E4223420CA7C} = {CE9C8084-3229-42C2-B885-8D37AE0BE8FA}
		{F9F81904-1AAF-4EA5-9E3C-F6D839EF5F50} = {CE9C8084-3229-42C2-B885-8D37AE0BE8FA}
		{21A03E71-3543-4001-A2E6-9F97E5D449FE} = {CE9C8084-3229-42C2-B885-8D37AE0BE8FA}
		{489DA5EF-2ECE-4CB5-8277-574D11B6778F} = {CE9C8084-3229-42C2-B885-8D37AE0BE8FA}
		{3614A79F-D59F-4441-9843-D899F7B467BC} = {CE9C8084-3229-42C2-B885-8D37AE0BE8FA}
		{D4A21D9E-0BED-46EA-A2B4-AB230DCCC437} = {CE9C8084-3229-42C2-B885-8D37AE0BE8FA}
		{6503387E-12DE-42F8-8201-22A871972A62} = {CE9C8084-3229-42C2-B885-8D37AE0BE8FA}
		{45B19591-EDFA-483C-9FAB-D03680B720BE} = {CE9C8084-3229-42C2-B885-8D37AE0BE8FA}
		{A5648666-0D94-4AB0-9064-ADBD3909F734} = {CE9C8084-3229-42C2-B885-8D37AE0BE8FA}
		{0AC1D95B-72A4-4BDA-B51C-5BA20B64D920} = {CE9C8084-3229-42C2-B885-8D37AE0BE8FA}
		{37A0A39A-524B-47EE-9995-63B5A56961D4} = {CE9C8084-3229-42C2-B885-8D37AE0BE8FA}
		{44E92C9E-A195-4C4E-8875-759AE2B5ABAF} = {CE9C8084-3229-42C2-B885-8D37AE0BE8FA}
		{EB845AC0-26C4-422F-ABE4-8FDCB5A3D3F8} = {CE9C8084-3229-42C2-B885-8D37AE0BE8FA}
		{549C2622-D1C6-4617-8909-9EADDB414460} = {CE9C8084-3229-42C2-B885-8D37AE0BE8FA}
		{C8BC2513-F395-4E96-899B-064B19BD18AB} = {CE9C8084-3229-42C2-B885-8D37AE0BE8FA}
		{5FC36CE5-59D1-4B15-83EA-A489564694EE} = {CE9C8084-3229-42C2-B885-8D37AE0BE8FA}
		{B817F01B-ED13-4985-BF6A-513C95E0766E} = {CE9C8084-3229-42C2-B885-8D37AE0BE8FA}
		{65CF5FC1-4983-4144-8E46-06BCC83D5617} = {CE9C8084-3229-42C2-B885-8D37AE0BE8FA}
		{94754F63-4F1A-4B3E-9E01-B7DC4EF2048E} = {CE9C8084-3229-42C2-B885-8D37AE0BE8FA}
		{4D6BAEC2-BF7B-4C8D-81C4-39C72E4B59B9} = {CE9C8084-3229-42C2-B885-8D37AE0BE8FA}
		{E7991C40-6B11-481A-843D-1BCEB3FF563B} = {CE9C8084-3229-42C2-B885-8D37AE0BE8FA}
		{8CB9EAB8-EDCC-47A4-957C-AEA45A27D043} = {CE9C8084-3229-42C2-B885-8D37AE0BE8FA}
		{A9F96FC5-DC9C-4073-96D7-720B5430448C} = {CE9C8084-3229-42C2-B885-8D37AE0BE8FA}
	EndGlobalSection
	GlobalSection(ExtensibilityGlobals) = postSolution
		SolutionGuid = {189B00B3-DAD8-4B31-9220-58D95E9FCBFC}
	EndGlobalSection
EndGlobal
