
Microsoft Visual Studio Solution File, Format Version 12.00
# Visual Studio Version 17
VisualStudioVersion = 17.0.32112.339
MinimumVisualStudioVersion = 10.0.40219.1
Project("{9A19103F-16F7-4668-BE54-9A1E7A4F7556}") = "Year2019.Day01.TyrannyRocketEquation", "src\Year2019.Day01.TyrannyRocketEquation\Year2019.Day01.TyrannyRocketEquation.csproj", "{4608306E-ABD0-43E6-BAC8-1411D6136C95}"
EndProject
Project("{9A19103F-16F7-4668-BE54-9A1E7A4F7556}") = "Year2019.Day02.ProgramAlarm", "src\Year2019.Day02.ProgramAlarm\Year2019.Day02.ProgramAlarm.csproj", "{CE8FFF8E-10BA-4AB9-9A23-DC45738F4EBC}"
EndProject
Project("{9A19103F-16F7-4668-BE54-9A1E7A4F7556}") = "Year2019.Day03.CrossedWires", "src\Year2019.Day03.CrossedWires\Year2019.Day03.CrossedWires.csproj", "{EBD00661-7820-4151-9D61-6026D45C75DB}"
EndProject
Project("{9A19103F-16F7-4668-BE54-9A1E7A4F7556}") = "Year2019.Day04.SecureContainer", "src\Year2019.Day04.SecureContainer\Year2019.Day04.SecureContainer.csproj", "{42E98D7E-07A9-464E-9208-13411BB852B5}"
EndProject
Project("{9A19103F-16F7-4668-BE54-9A1E7A4F7556}") = "Year2019.Day05.SunnyWithChanceAsteroids", "src\Year2019.Day05.SunnyWithChanceAsteroids\Year2019.Day05.SunnyWithChanceAsteroids.csproj", "{9540556D-FF18-4C89-8900-E027CF5BECB8}"
EndProject
Project("{9A19103F-16F7-4668-BE54-9A1E7A4F7556}") = "Year2019.Day06.UniversalOrbitMap", "src\Year2019.Day06.UniversalOrbitMap\Year2019.Day06.UniversalOrbitMap.csproj", "{23285EB9-B44A-4643-A292-A79597140ED9}"
EndProject
Project("{9A19103F-16F7-4668-BE54-9A1E7A4F7556}") = "Year2019.Day07.AmplificationCircuit", "src\Year2019.Day07.AmplificationCircuit\Year2019.Day07.AmplificationCircuit.csproj", "{F5AD9C93-66A3-4AB7-BEA2-1EA2F27FCC46}"
EndProject
Project("{9A19103F-16F7-4668-BE54-9A1E7A4F7556}") = "Year2019.Day08.SpaceImageFormat", "src\Year2019.Day08.SpaceImageFormat\Year2019.Day08.SpaceImageFormat.csproj", "{9B6A7F4C-4F00-4585-9407-8AF22EA4CA78}"
EndProject
Project("{9A19103F-16F7-4668-BE54-9A1E7A4F7556}") = "Year2019.Day09.SensorBoost", "src\Year2019.Day09.SensorBoost\Year2019.Day09.SensorBoost.csproj", "{FF9C0F1A-686D-4B1E-AA7D-4676C67200B1}"
EndProject
Project("{9A19103F-16F7-4668-BE54-9A1E7A4F7556}") = "Year2019.Day10.MonitoringStation", "src\Year2019.Day10.MonitoringStation\Year2019.Day10.MonitoringStation.csproj", "{1AE2BC46-C34C-4683-9B86-B62749938AF2}"
EndProject
Project("{9A19103F-16F7-4668-BE54-9A1E7A4F7556}") = "Year2019.Day11.SpacePolice", "src\Year2019.Day11.SpacePolice\Year2019.Day11.SpacePolice.csproj", "{039D59B4-E428-4017-B8C1-14C8F7AAF7F9}"
EndProject
Project("{9A19103F-16F7-4668-BE54-9A1E7A4F7556}") = "Year2019.Day12.NBodyProblem", "src\Year2019.Day12.NBodyProblem\Year2019.Day12.NBodyProblem.csproj", "{6E06AB49-784D-4ED6-97B6-E901B89CF818}"
EndProject
Project("{9A19103F-16F7-4668-BE54-9A1E7A4F7556}") = "Year2019.Day13.CarePackage", "src\Year2019.Day13.CarePackage\Year2019.Day13.CarePackage.csproj", "{B936805B-7531-4A50-8C9B-00189493F86E}"
EndProject
Project("{9A19103F-16F7-4668-BE54-9A1E7A4F7556}") = "Year2019.Day14.SpaceStoichiometry", "src\Year2019.Day14.SpaceStoichiometry\Year2019.Day14.SpaceStoichiometry.csproj", "{085B672D-F34C-4C26-84A7-D6D74B7715D1}"
EndProject
Project("{9A19103F-16F7-4668-BE54-9A1E7A4F7556}") = "Year2019.Day15.OxygenSystem", "src\Year2019.Day15.OxygenSystem\Year2019.Day15.OxygenSystem.csproj", "{096F23AA-EF93-453D-8DF1-75A2FDB68F23}"
EndProject
Project("{9A19103F-16F7-4668-BE54-9A1E7A4F7556}") = "Year2019.Day16.FlawedFrequencyTransmission", "src\Year2019.Day16.FlawedFrequencyTransmission\Year2019.Day16.FlawedFrequencyTransmission.csproj", "{521A42B2-2A5A-4DCD-9777-95910DA8A214}"
EndProject
Project("{9A19103F-16F7-4668-BE54-9A1E7A4F7556}") = "Year2019.Day17.SetAndForget", "src\Year2019.Day17.SetAndForget\Year2019.Day17.SetAndForget.csproj", "{B1030518-17DA-4F22-802F-1DC0B8EF022A}"
EndProject
Project("{9A19103F-16F7-4668-BE54-9A1E7A4F7556}") = "Year2019.Day18.ManyWorldsInterpretation", "src\Year2019.Day18.ManyWorldsInterpretation\Year2019.Day18.ManyWorldsInterpretation.csproj", "{B479A3CD-E1B5-4012-9E4B-FFB7CCDB17D0}"
EndProject
Project("{9A19103F-16F7-4668-BE54-9A1E7A4F7556}") = "Year2019.Day19.TractorBeam", "src\Year2019.Day19.TractorBeam\Year2019.Day19.TractorBeam.csproj", "{43A06119-3F8D-41CE-AE05-B85F5A86262E}"
EndProject
Project("{9A19103F-16F7-4668-BE54-9A1E7A4F7556}") = "Year2019.Day20.DonutMaze", "src\Year2019.Day20.DonutMaze\Year2019.Day20.DonutMaze.csproj", "{B236C72C-38C8-46CC-A357-8903345328C8}"
EndProject
Project("{9A19103F-16F7-4668-BE54-9A1E7A4F7556}") = "Year2019.Day21.SpringdroidAdventure", "src\Year2019.Day21.SpringdroidAdventure\Year2019.Day21.SpringdroidAdventure.csproj", "{873B9B90-3F0B-4B18-9CEA-12763AACDCE9}"
EndProject
Project("{9A19103F-16F7-4668-BE54-9A1E7A4F7556}") = "Year2019.Day22.SlamShuffle", "src\Year2019.Day22.SlamShuffle\Year2019.Day22.SlamShuffle.csproj", "{0AE70E37-6B10-4FBE-80F1-B23D850A5955}"
EndProject
Project("{9A19103F-16F7-4668-BE54-9A1E7A4F7556}") = "Year2019.Day23.CategorySix", "src\Year2019.Day23.CategorySix\Year2019.Day23.CategorySix.csproj", "{332CEDA0-994F-4DCB-84E4-0129B19B3175}"
EndProject
Project("{9A19103F-16F7-4668-BE54-9A1E7A4F7556}") = "Year2019.Day24.PlanetOfDiscord", "src\Year2019.Day24.PlanetOfDiscord\Year2019.Day24.PlanetOfDiscord.csproj", "{F06F6970-7629-41DC-9B04-4114278B78CD}"
EndProject
Project("{9A19103F-16F7-4668-BE54-9A1E7A4F7556}") = "Year2019.Day25.Cryostasis", "src\Year2019.Day25.Cryostasis\Year2019.Day25.Cryostasis.csproj", "{48A4665D-8439-4A91-B1A9-5BF7E2CF1116}"
EndProject
Project("{2150E333-8FDC-42A3-9474-1A3956D46DE8}") = "src", "src", "{EBE3648B-C407-4608-83F5-2F0EBE73EE59}"
EndProject
Global
	GlobalSection(SolutionConfigurationPlatforms) = preSolution
		Debug|Any CPU = Debug|Any CPU
		Release|Any CPU = Release|Any CPU
	EndGlobalSection
	GlobalSection(ProjectConfigurationPlatforms) = postSolution
		{4608306E-ABD0-43E6-BAC8-1411D6136C95}.Debug|Any CPU.ActiveCfg = Debug|Any CPU
		{4608306E-ABD0-43E6-BAC8-1411D6136C95}.Debug|Any CPU.Build.0 = Debug|Any CPU
		{4608306E-ABD0-43E6-BAC8-1411D6136C95}.Release|Any CPU.ActiveCfg = Release|Any CPU
		{4608306E-ABD0-43E6-BAC8-1411D6136C95}.Release|Any CPU.Build.0 = Release|Any CPU
		{CE8FFF8E-10BA-4AB9-9A23-DC45738F4EBC}.Debug|Any CPU.ActiveCfg = Debug|Any CPU
		{CE8FFF8E-10BA-4AB9-9A23-DC45738F4EBC}.Debug|Any CPU.Build.0 = Debug|Any CPU
		{CE8FFF8E-10BA-4AB9-9A23-DC45738F4EBC}.Release|Any CPU.ActiveCfg = Release|Any CPU
		{CE8FFF8E-10BA-4AB9-9A23-DC45738F4EBC}.Release|Any CPU.Build.0 = Release|Any CPU
		{EBD00661-7820-4151-9D61-6026D45C75DB}.Debug|Any CPU.ActiveCfg = Debug|Any CPU
		{EBD00661-7820-4151-9D61-6026D45C75DB}.Debug|Any CPU.Build.0 = Debug|Any CPU
		{EBD00661-7820-4151-9D61-6026D45C75DB}.Release|Any CPU.ActiveCfg = Release|Any CPU
		{EBD00661-7820-4151-9D61-6026D45C75DB}.Release|Any CPU.Build.0 = Release|Any CPU
		{42E98D7E-07A9-464E-9208-13411BB852B5}.Debug|Any CPU.ActiveCfg = Debug|Any CPU
		{42E98D7E-07A9-464E-9208-13411BB852B5}.Debug|Any CPU.Build.0 = Debug|Any CPU
		{42E98D7E-07A9-464E-9208-13411BB852B5}.Release|Any CPU.ActiveCfg = Release|Any CPU
		{42E98D7E-07A9-464E-9208-13411BB852B5}.Release|Any CPU.Build.0 = Release|Any CPU
		{9540556D-FF18-4C89-8900-E027CF5BECB8}.Debug|Any CPU.ActiveCfg = Debug|Any CPU
		{9540556D-FF18-4C89-8900-E027CF5BECB8}.Debug|Any CPU.Build.0 = Debug|Any CPU
		{9540556D-FF18-4C89-8900-E027CF5BECB8}.Release|Any CPU.ActiveCfg = Release|Any CPU
		{9540556D-FF18-4C89-8900-E027CF5BECB8}.Release|Any CPU.Build.0 = Release|Any CPU
		{23285EB9-B44A-4643-A292-A79597140ED9}.Debug|Any CPU.ActiveCfg = Debug|Any CPU
		{23285EB9-B44A-4643-A292-A79597140ED9}.Debug|Any CPU.Build.0 = Debug|Any CPU
		{23285EB9-B44A-4643-A292-A79597140ED9}.Release|Any CPU.ActiveCfg = Release|Any CPU
		{23285EB9-B44A-4643-A292-A79597140ED9}.Release|Any CPU.Build.0 = Release|Any CPU
		{F5AD9C93-66A3-4AB7-BEA2-1EA2F27FCC46}.Debug|Any CPU.ActiveCfg = Debug|Any CPU
		{F5AD9C93-66A3-4AB7-BEA2-1EA2F27FCC46}.Debug|Any CPU.Build.0 = Debug|Any CPU
		{F5AD9C93-66A3-4AB7-BEA2-1EA2F27FCC46}.Release|Any CPU.ActiveCfg = Release|Any CPU
		{F5AD9C93-66A3-4AB7-BEA2-1EA2F27FCC46}.Release|Any CPU.Build.0 = Release|Any CPU
		{9B6A7F4C-4F00-4585-9407-8AF22EA4CA78}.Debug|Any CPU.ActiveCfg = Debug|Any CPU
		{9B6A7F4C-4F00-4585-9407-8AF22EA4CA78}.Debug|Any CPU.Build.0 = Debug|Any CPU
		{9B6A7F4C-4F00-4585-9407-8AF22EA4CA78}.Release|Any CPU.ActiveCfg = Release|Any CPU
		{9B6A7F4C-4F00-4585-9407-8AF22EA4CA78}.Release|Any CPU.Build.0 = Release|Any CPU
		{FF9C0F1A-686D-4B1E-AA7D-4676C67200B1}.Debug|Any CPU.ActiveCfg = Debug|Any CPU
		{FF9C0F1A-686D-4B1E-AA7D-4676C67200B1}.Debug|Any CPU.Build.0 = Debug|Any CPU
		{FF9C0F1A-686D-4B1E-AA7D-4676C67200B1}.Release|Any CPU.ActiveCfg = Release|Any CPU
		{FF9C0F1A-686D-4B1E-AA7D-4676C67200B1}.Release|Any CPU.Build.0 = Release|Any CPU
		{1AE2BC46-C34C-4683-9B86-B62749938AF2}.Debug|Any CPU.ActiveCfg = Debug|Any CPU
		{1AE2BC46-C34C-4683-9B86-B62749938AF2}.Debug|Any CPU.Build.0 = Debug|Any CPU
		{1AE2BC46-C34C-4683-9B86-B62749938AF2}.Release|Any CPU.ActiveCfg = Release|Any CPU
		{1AE2BC46-C34C-4683-9B86-B62749938AF2}.Release|Any CPU.Build.0 = Release|Any CPU
		{039D59B4-E428-4017-B8C1-14C8F7AAF7F9}.Debug|Any CPU.ActiveCfg = Debug|Any CPU
		{039D59B4-E428-4017-B8C1-14C8F7AAF7F9}.Debug|Any CPU.Build.0 = Debug|Any CPU
		{039D59B4-E428-4017-B8C1-14C8F7AAF7F9}.Release|Any CPU.ActiveCfg = Release|Any CPU
		{039D59B4-E428-4017-B8C1-14C8F7AAF7F9}.Release|Any CPU.Build.0 = Release|Any CPU
		{6E06AB49-784D-4ED6-97B6-E901B89CF818}.Debug|Any CPU.ActiveCfg = Debug|Any CPU
		{6E06AB49-784D-4ED6-97B6-E901B89CF818}.Debug|Any CPU.Build.0 = Debug|Any CPU
		{6E06AB49-784D-4ED6-97B6-E901B89CF818}.Release|Any CPU.ActiveCfg = Release|Any CPU
		{6E06AB49-784D-4ED6-97B6-E901B89CF818}.Release|Any CPU.Build.0 = Release|Any CPU
		{B936805B-7531-4A50-8C9B-00189493F86E}.Debug|Any CPU.ActiveCfg = Debug|Any CPU
		{B936805B-7531-4A50-8C9B-00189493F86E}.Debug|Any CPU.Build.0 = Debug|Any CPU
		{B936805B-7531-4A50-8C9B-00189493F86E}.Release|Any CPU.ActiveCfg = Release|Any CPU
		{B936805B-7531-4A50-8C9B-00189493F86E}.Release|Any CPU.Build.0 = Release|Any CPU
		{085B672D-F34C-4C26-84A7-D6D74B7715D1}.Debug|Any CPU.ActiveCfg = Debug|Any CPU
		{085B672D-F34C-4C26-84A7-D6D74B7715D1}.Debug|Any CPU.Build.0 = Debug|Any CPU
		{085B672D-F34C-4C26-84A7-D6D74B7715D1}.Release|Any CPU.ActiveCfg = Release|Any CPU
		{085B672D-F34C-4C26-84A7-D6D74B7715D1}.Release|Any CPU.Build.0 = Release|Any CPU
		{096F23AA-EF93-453D-8DF1-75A2FDB68F23}.Debug|Any CPU.ActiveCfg = Debug|Any CPU
		{096F23AA-EF93-453D-8DF1-75A2FDB68F23}.Debug|Any CPU.Build.0 = Debug|Any CPU
		{096F23AA-EF93-453D-8DF1-75A2FDB68F23}.Release|Any CPU.ActiveCfg = Release|Any CPU
		{096F23AA-EF93-453D-8DF1-75A2FDB68F23}.Release|Any CPU.Build.0 = Release|Any CPU
		{521A42B2-2A5A-4DCD-9777-95910DA8A214}.Debug|Any CPU.ActiveCfg = Debug|Any CPU
		{521A42B2-2A5A-4DCD-9777-95910DA8A214}.Debug|Any CPU.Build.0 = Debug|Any CPU
		{521A42B2-2A5A-4DCD-9777-95910DA8A214}.Release|Any CPU.ActiveCfg = Release|Any CPU
		{521A42B2-2A5A-4DCD-9777-95910DA8A214}.Release|Any CPU.Build.0 = Release|Any CPU
		{B1030518-17DA-4F22-802F-1DC0B8EF022A}.Debug|Any CPU.ActiveCfg = Debug|Any CPU
		{B1030518-17DA-4F22-802F-1DC0B8EF022A}.Debug|Any CPU.Build.0 = Debug|Any CPU
		{B1030518-17DA-4F22-802F-1DC0B8EF022A}.Release|Any CPU.ActiveCfg = Release|Any CPU
		{B1030518-17DA-4F22-802F-1DC0B8EF022A}.Release|Any CPU.Build.0 = Release|Any CPU
		{B479A3CD-E1B5-4012-9E4B-FFB7CCDB17D0}.Debug|Any CPU.ActiveCfg = Debug|Any CPU
		{B479A3CD-E1B5-4012-9E4B-FFB7CCDB17D0}.Debug|Any CPU.Build.0 = Debug|Any CPU
		{B479A3CD-E1B5-4012-9E4B-FFB7CCDB17D0}.Release|Any CPU.ActiveCfg = Release|Any CPU
		{B479A3CD-E1B5-4012-9E4B-FFB7CCDB17D0}.Release|Any CPU.Build.0 = Release|Any CPU
		{43A06119-3F8D-41CE-AE05-B85F5A86262E}.Debug|Any CPU.ActiveCfg = Debug|Any CPU
		{43A06119-3F8D-41CE-AE05-B85F5A86262E}.Debug|Any CPU.Build.0 = Debug|Any CPU
		{43A06119-3F8D-41CE-AE05-B85F5A86262E}.Release|Any CPU.ActiveCfg = Release|Any CPU
		{43A06119-3F8D-41CE-AE05-B85F5A86262E}.Release|Any CPU.Build.0 = Release|Any CPU
		{B236C72C-38C8-46CC-A357-8903345328C8}.Debug|Any CPU.ActiveCfg = Debug|Any CPU
		{B236C72C-38C8-46CC-A357-8903345328C8}.Debug|Any CPU.Build.0 = Debug|Any CPU
		{B236C72C-38C8-46CC-A357-8903345328C8}.Release|Any CPU.ActiveCfg = Release|Any CPU
		{B236C72C-38C8-46CC-A357-8903345328C8}.Release|Any CPU.Build.0 = Release|Any CPU
		{873B9B90-3F0B-4B18-9CEA-12763AACDCE9}.Debug|Any CPU.ActiveCfg = Debug|Any CPU
		{873B9B90-3F0B-4B18-9CEA-12763AACDCE9}.Debug|Any CPU.Build.0 = Debug|Any CPU
		{873B9B90-3F0B-4B18-9CEA-12763AACDCE9}.Release|Any CPU.ActiveCfg = Release|Any CPU
		{873B9B90-3F0B-4B18-9CEA-12763AACDCE9}.Release|Any CPU.Build.0 = Release|Any CPU
		{0AE70E37-6B10-4FBE-80F1-B23D850A5955}.Debug|Any CPU.ActiveCfg = Debug|Any CPU
		{0AE70E37-6B10-4FBE-80F1-B23D850A5955}.Debug|Any CPU.Build.0 = Debug|Any CPU
		{0AE70E37-6B10-4FBE-80F1-B23D850A5955}.Release|Any CPU.ActiveCfg = Release|Any CPU
		{0AE70E37-6B10-4FBE-80F1-B23D850A5955}.Release|Any CPU.Build.0 = Release|Any CPU
		{332CEDA0-994F-4DCB-84E4-0129B19B3175}.Debug|Any CPU.ActiveCfg = Debug|Any CPU
		{332CEDA0-994F-4DCB-84E4-0129B19B3175}.Debug|Any CPU.Build.0 = Debug|Any CPU
		{332CEDA0-994F-4DCB-84E4-0129B19B3175}.Release|Any CPU.ActiveCfg = Release|Any CPU
		{332CEDA0-994F-4DCB-84E4-0129B19B3175}.Release|Any CPU.Build.0 = Release|Any CPU
		{F06F6970-7629-41DC-9B04-4114278B78CD}.Debug|Any CPU.ActiveCfg = Debug|Any CPU
		{F06F6970-7629-41DC-9B04-4114278B78CD}.Debug|Any CPU.Build.0 = Debug|Any CPU
		{F06F6970-7629-41DC-9B04-4114278B78CD}.Release|Any CPU.ActiveCfg = Release|Any CPU
		{F06F6970-7629-41DC-9B04-4114278B78CD}.Release|Any CPU.Build.0 = Release|Any CPU
		{48A4665D-8439-4A91-B1A9-5BF7E2CF1116}.Debug|Any CPU.ActiveCfg = Debug|Any CPU
		{48A4665D-8439-4A91-B1A9-5BF7E2CF1116}.Debug|Any CPU.Build.0 = Debug|Any CPU
		{48A4665D-8439-4A91-B1A9-5BF7E2CF1116}.Release|Any CPU.ActiveCfg = Release|Any CPU
		{48A4665D-8439-4A91-B1A9-5BF7E2CF1116}.Release|Any CPU.Build.0 = Release|Any CPU
	EndGlobalSection
	GlobalSection(SolutionProperties) = preSolution
		HideSolutionNode = FALSE
	EndGlobalSection
	GlobalSection(NestedProjects) = preSolution
		{4608306E-ABD0-43E6-BAC8-1411D6136C95} = {EBE3648B-C407-4608-83F5-2F0EBE73EE59}
		{CE8FFF8E-10BA-4AB9-9A23-DC45738F4EBC} = {EBE3648B-C407-4608-83F5-2F0EBE73EE59}
		{EBD00661-7820-4151-9D61-6026D45C75DB} = {EBE3648B-C407-4608-83F5-2F0EBE73EE59}
		{42E98D7E-07A9-464E-9208-13411BB852B5} = {EBE3648B-C407-4608-83F5-2F0EBE73EE59}
		{9540556D-FF18-4C89-8900-E027CF5BECB8} = {EBE3648B-C407-4608-83F5-2F0EBE73EE59}
		{23285EB9-B44A-4643-A292-A79597140ED9} = {EBE3648B-C407-4608-83F5-2F0EBE73EE59}
		{F5AD9C93-66A3-4AB7-BEA2-1EA2F27FCC46} = {EBE3648B-C407-4608-83F5-2F0EBE73EE59}
		{9B6A7F4C-4F00-4585-9407-8AF22EA4CA78} = {EBE3648B-C407-4608-83F5-2F0EBE73EE59}
		{FF9C0F1A-686D-4B1E-AA7D-4676C67200B1} = {EBE3648B-C407-4608-83F5-2F0EBE73EE59}
		{1AE2BC46-C34C-4683-9B86-B62749938AF2} = {EBE3648B-C407-4608-83F5-2F0EBE73EE59}
		{039D59B4-E428-4017-B8C1-14C8F7AAF7F9} = {EBE3648B-C407-4608-83F5-2F0EBE73EE59}
		{6E06AB49-784D-4ED6-97B6-E901B89CF818} = {EBE3648B-C407-4608-83F5-2F0EBE73EE59}
		{B936805B-7531-4A50-8C9B-00189493F86E} = {EBE3648B-C407-4608-83F5-2F0EBE73EE59}
		{085B672D-F34C-4C26-84A7-D6D74B7715D1} = {EBE3648B-C407-4608-83F5-2F0EBE73EE59}
		{096F23AA-EF93-453D-8DF1-75A2FDB68F23} = {EBE3648B-C407-4608-83F5-2F0EBE73EE59}
		{521A42B2-2A5A-4DCD-9777-95910DA8A214} = {EBE3648B-C407-4608-83F5-2F0EBE73EE59}
		{B1030518-17DA-4F22-802F-1DC0B8EF022A} = {EBE3648B-C407-4608-83F5-2F0EBE73EE59}
		{B479A3CD-E1B5-4012-9E4B-FFB7CCDB17D0} = {EBE3648B-C407-4608-83F5-2F0EBE73EE59}
		{43A06119-3F8D-41CE-AE05-B85F5A86262E} = {EBE3648B-C407-4608-83F5-2F0EBE73EE59}
		{B236C72C-38C8-46CC-A357-8903345328C8} = {EBE3648B-C407-4608-83F5-2F0EBE73EE59}
		{873B9B90-3F0B-4B18-9CEA-12763AACDCE9} = {EBE3648B-C407-4608-83F5-2F0EBE73EE59}
		{0AE70E37-6B10-4FBE-80F1-B23D850A5955} = {EBE3648B-C407-4608-83F5-2F0EBE73EE59}
		{332CEDA0-994F-4DCB-84E4-0129B19B3175} = {EBE3648B-C407-4608-83F5-2F0EBE73EE59}
		{F06F6970-7629-41DC-9B04-4114278B78CD} = {EBE3648B-C407-4608-83F5-2F0EBE73EE59}
		{48A4665D-8439-4A91-B1A9-5BF7E2CF1116} = {EBE3648B-C407-4608-83F5-2F0EBE73EE59}
	EndGlobalSection
	GlobalSection(ExtensibilityGlobals) = postSolution
		SolutionGuid = {15A629F1-9B4B-43E6-8512-54EEE31B40A3}
	EndGlobalSection
EndGlobal
